version = 1
revision = 3
requires-python = ">=3.14"
resolution-markers = [
    "sys_platform == 'win32'",
    "sys_platform == 'emscripten'",
    "sys_platform != 'emscripten' and sys_platform != 'win32'",
]

[[package]]
name = "advent-of-code"
version = "0.0.0"
source = { virtual = "." }
dependencies = [
    { name = "advent-of-code-data" },
    { name = "pyrefly" },
    { name = "pytest" },
    { name = "pytest-mock" },
    { name = "ruff" },
    { name = "ty" },
]

[package.metadata]
requires-dist = [
    { name = "advent-of-code-data", specifier = "==2.2.0" },
    { name = "pyrefly", specifier = ">=0.45.0" },
    { name = "pytest", specifier = "==9.0.2" },
    { name = "pytest-mock", specifier = ">=3.15.1" },
    { name = "ruff", specifier = "==0.15.8" },
    { name = "ty", specifier = "==0.0.26" },
]

[[package]]
name = "advent-of-code-data"
version = "2.2.0"
source = { registry = "https://pypi.org/simple" }
dependencies = [
    { name = "aocd-example-parser" },
    { name = "beautifulsoup4" },
    { name = "pebble" },
    { name = "tzdata", marker = "sys_platform == 'win32'" },
    { name = "urllib3" },
]
sdist = { url = "https://files.pythonhosted.org/packages/2f/bb/629bac90178b949420be5945d05b439ce5bd15f22c1b17b3de53e1cdaebc/advent_of_code_data-2.2.0.tar.gz", hash = "sha256:5116fec76f849671ff504a3c45f5b4e12b7a348527267abecefb9d35b954150c", size = 48040, upload-time = "2026-01-19T05:27:58.575Z" }
wheels = [
    { url = "https://files.pythonhosted.org/packages/13/a0/31dd15dcdd9b6dd14f57eceedc8187abce2de8de29f01572b9d0b3d08fd8/advent_of_code_data-2.2.0-py3-none-any.whl", hash = "sha256:01c2e7ad422deeb112f8efa2bfe4c4473b2645d429235b8b317fe4c12677119d", size = 39708, upload-time = "2026-01-19T05:27:57.238Z" },
]

[[package]]
name = "aocd-example-parser"
version = "2025.12.12"
source = { registry = "https://pypi.org/simple" }
sdist = { url = "https://files.pythonhosted.org/packages/3a/a0/eba53430b963fd1ad6f1cce5ed051295a24e948a23ab9efb1fa509638109/aocd_example_parser-2025.12.12.tar.gz", hash = "sha256:1ec8c3610e9afcdafe098fbcdb3c64e8dc88e2bbfe39b44f686b7d4b2709ca75", size = 14780, upload-time = "2026-01-19T04:10:10.043Z" }
wheels = [
    { url = "https://files.pythonhosted.org/packages/6b/ba/b2574b2c709e6f1a51173528466b0285372461d8f0ed13b5a2a530161712/aocd_example_parser-2025.12.12-py3-none-any.whl", hash = "sha256:64b55d9dbb6415f90684f7f00278003b785a52d9369113d81fa41d54430b38ae", size = 13211, upload-time = "2026-01-19T04:10:08.489Z" },
]

[[package]]
name = "beautifulsoup4"
version = "4.13.5"
source = { registry = "https://pypi.org/simple" }
dependencies = [
    { name = "soupsieve" },
    { name = "typing-extensions" },
]
sdist = { url = "https://files.pythonhosted.org/packages/85/2e/3e5079847e653b1f6dc647aa24549d68c6addb4c595cc0d902d1b19308ad/beautifulsoup4-4.13.5.tar.gz", hash = "sha256:5e70131382930e7c3de33450a2f54a63d5e4b19386eab43a5b34d594268f3695", size = 622954, upload-time = "2025-08-24T14:06:13.168Z" }
wheels = [
    { url = "https://files.pythonhosted.org/packages/04/eb/f4151e0c7377a6e08a38108609ba5cede57986802757848688aeedd1b9e8/beautifulsoup4-4.13.5-py3-none-any.whl", hash = "sha256:642085eaa22233aceadff9c69651bc51e8bf3f874fb6d7104ece2beb24b47c4a", size = 105113, upload-time = "2025-08-24T14:06:14.884Z" },
]

[[package]]
name = "colorama"
version = "0.4.6"
source = { registry = "https://pypi.org/simple" }
sdist = { url = "https://files.pythonhosted.org/packages/d8/53/6f443c9a4a8358a93a6792e2acffb9d9d5cb0a5cfd8802644b7b1c9a02e4/colorama-0.4.6.tar.gz", hash = "sha256:08695f5cb7ed6e0531a20572697297273c47b8cae5a63ffc6d6ed5c201be6e44", size = 27697, upload-time = "2022-10-25T02:36:22.414Z" }
wheels = [
    { url = "https://files.pythonhosted.org/packages/d1/d6/3965ed04c63042e047cb6a3e6ed1a63a35087b6a609aa3a15ed8ac56c221/colorama-0.4.6-py2.py3-none-any.whl", hash = "sha256:4f1d9991f5acc0ca119f9d443620b77f9d6b33703e51011c16baf57afb285fc6", size = 25335, upload-time = "2022-10-25T02:36:20.889Z" },
]

[[package]]
name = "iniconfig"
version = "2.1.0"
source = { registry = "https://pypi.org/simple" }
sdist = { url = "https://files.pythonhosted.org/packages/f2/97/ebf4da567aa6827c909642694d71c9fcf53e5b504f2d96afea02718862f3/iniconfig-2.1.0.tar.gz", hash = "sha256:3abbd2e30b36733fee78f9c7f7308f2d0050e88f0087fd25c2645f63c773e1c7", size = 4793, upload-time = "2025-03-19T20:09:59.721Z" }
wheels = [
    { url = "https://files.pythonhosted.org/packages/2c/e1/e6716421ea10d38022b952c159d5161ca1193197fb744506875fbb87ea7b/iniconfig-2.1.0-py3-none-any.whl", hash = "sha256:9deba5723312380e77435581c6bf4935c94cbfab9b1ed33ef8d238ea168eb760", size = 6050, upload-time = "2025-03-19T20:10:01.071Z" },
]

[[package]]
name = "packaging"
version = "25.0"
source = { registry = "https://pypi.org/simple" }
sdist = { url = "https://files.pythonhosted.org/packages/a1/d4/1fc4078c65507b51b96ca8f8c3ba19e6a61c8253c72794544580a7b6c24d/packaging-25.0.tar.gz", hash = "sha256:d443872c98d677bf60f6a1f2f8c1cb748e8fe762d2bf9d3148b5599295b0fc4f", size = 165727, upload-time = "2025-04-19T11:48:59.673Z" }
wheels = [
    { url = "https://files.pythonhosted.org/packages/20/12/38679034af332785aac8774540895e234f4d07f7545804097de4b666afd8/packaging-25.0-py3-none-any.whl", hash = "sha256:29572ef2b1f17581046b3a2227d5c611fb25ec70ca1ba8554b24b0e69331a484", size = 66469, upload-time = "2025-04-19T11:48:57.875Z" },
]

[[package]]
name = "pebble"
version = "5.1.3"
source = { registry = "https://pypi.org/simple" }
sdist = { url = "https://files.pythonhosted.org/packages/af/aa/730e2b815fed3680629bb9c6c84c3480952fb9067939b7549c789b77a6bc/pebble-5.1.3.tar.gz", hash = "sha256:9fdf00dde4abb09907817114ad8cf822836b6d6cc8f43a3f0ec741be276086e7", size = 39027, upload-time = "2025-07-30T21:16:34.87Z" }
wheels = [
    { url = "https://files.pythonhosted.org/packages/42/42/218f3d1490af0c5f781f1e54fc1e4a2ca163643807d57890d2a246bd626d/Pebble-5.1.3-py3-none-any.whl", hash = "sha256:8b28b1ede25de4b0d9249516d5fd794c330f8f03b692debe374619317ed0bdd7", size = 36868, upload-time = "2025-07-30T21:16:33.133Z" },
]

[[package]]
name = "pluggy"
version = "1.6.0"
source = { registry = "https://pypi.org/simple" }
sdist = { url = "https://files.pythonhosted.org/packages/f9/e2/3e91f31a7d2b083fe6ef3fa267035b518369d9511ffab804f839851d2779/pluggy-1.6.0.tar.gz", hash = "sha256:7dcc130b76258d33b90f61b658791dede3486c3e6bfb003ee5c9bfb396dd22f3", size = 69412, upload-time = "2025-05-15T12:30:07.975Z" }
wheels = [
    { url = "https://files.pythonhosted.org/packages/54/20/4d324d65cc6d9205fabedc306948156824eb9f0ee1633355a8f7ec5c66bf/pluggy-1.6.0-py3-none-any.whl", hash = "sha256:e920276dd6813095e9377c0bc5566d94c932c33b27a3e3945d8389c374dd4746", size = 20538, upload-time = "2025-05-15T12:30:06.134Z" },
]

[[package]]
name = "pygments"
version = "2.19.2"
source = { registry = "https://pypi.org/simple" }
sdist = { url = "https://files.pythonhosted.org/packages/b0/77/a5b8c569bf593b0140bde72ea885a803b82086995367bf2037de0159d924/pygments-2.19.2.tar.gz", hash = "sha256:636cb2477cec7f8952536970bc533bc43743542f70392ae026374600add5b887", size = 4968631, upload-time = "2025-06-21T13:39:12.283Z" }
wheels = [
    { url = "https://files.pythonhosted.org/packages/c7/21/705964c7812476f378728bdf590ca4b771ec72385c533964653c68e86bdc/pygments-2.19.2-py3-none-any.whl", hash = "sha256:86540386c03d588bb81d44bc3928634ff26449851e99741617ecb9037ee5ec0b", size = 1225217, upload-time = "2025-06-21T13:39:07.939Z" },
]

[[package]]
name = "pyrefly"
version = "0.58.0"
source = { registry = "https://pypi.org/simple" }
sdist = { url = "https://files.pythonhosted.org/packages/eb/bb/5611669a79967250e0654c0cffb7b0bb892b4263d5dec9b4345917edd9cd/pyrefly-0.58.0.tar.gz", hash = "sha256:4512b89cd8db95e8994537895ff41ad60e6211643442f8e33ed93bb59f88a256", size = 5357858, upload-time = "2026-03-25T01:21:01.8Z" }
wheels = [
    { url = "https://files.pythonhosted.org/packages/4e/fb/499e8efc0c3bc4e8f0e689922e616a8d406ff3297962c94b8053701b727f/pyrefly-0.58.0-py3-none-macosx_10_12_x86_64.whl", hash = "sha256:6521e3924d98c2fe118109de625c075d970f9d4a9682f11afa4f7c6b5f11ca1f", size = 12765022, upload-time = "2026-03-25T01:20:41.397Z" },
    { url = "https://files.pythonhosted.org/packages/b6/7f/25f329adfb191e78c22524858cce7d0e06d3961d44fe2ed5c302d3096dc2/pyrefly-0.58.0-py3-none-macosx_11_0_arm64.whl", hash = "sha256:bd52dd8f330e08f3829791b914f170769f97e8a0e377abf554710decbf799f20", size = 12276729, upload-time = "2026-03-25T01:20:43.815Z" },
    { url = "https://files.pythonhosted.org/packages/ac/ca/4982e8e3a177ed30e7ec23f51a429c2319653dcebbe20bac55ef3f275f23/pyrefly-0.58.0-py3-none-manylinux_2_17_aarch64.manylinux2014_aarch64.whl", hash = "sha256:2334bea7d7b43a4d9061cce8e48ee5da2de185511637ed691dca5d649633f514", size = 35369879, upload-time = "2026-03-25T01:20:46.48Z" },
    { url = "https://files.pythonhosted.org/packages/7f/56/02afb8f6584765d1fed08a81f0415504345229ff452384143864a8ed8062/pyrefly-0.58.0-py3-none-manylinux_2_17_i686.manylinux2014_i686.whl", hash = "sha256:fb7bf956beb01f2664a1b20ca7303dc617bc454457b869237945edd5a52fc39b", size = 38060979, upload-time = "2026-03-25T01:20:49.62Z" },
    { url = "https://files.pythonhosted.org/packages/ca/ec/78ae846cba36a244db20d157948e6dd238713f63b812b701754e22fab4d5/pyrefly-0.58.0-py3-none-manylinux_2_17_x86_64.manylinux2014_x86_64.whl", hash = "sha256:ce58ec7d4a5bc4fdb4a8d90329259c15e221e840ce1da946c698c4954aa4098b", size = 40753678, upload-time = "2026-03-25T01:20:52.718Z" },
    { url = "https://files.pythonhosted.org/packages/98/ec/6d1461960bf2efbf7af679846edd29ff1fce9e20b4a653cb99338e1e847e/pyrefly-0.58.0-py3-none-win32.whl", hash = "sha256:43fa3b1abc0b55503c6238d09f333ce4f7a341cb9d5113b9d5e3089b8e0901b6", size = 11793278, upload-time = "2026-03-25T01:20:55.367Z" },
    { url = "https://files.pythonhosted.org/packages/3d/23/70c20ea234409e4ea3b4177ec6cdf221532fd34bfec012961972e2ab511f/pyrefly-0.58.0-py3-none-win_amd64.whl", hash = "sha256:5dbd270d6841ec7b772ee41dd2d83f376ad24b279b747ddb8c11550ad3648dde", size = 12626215, upload-time = "2026-03-25T01:20:57.329Z" },
    { url = "https://files.pythonhosted.org/packages/c3/20/fed053053785585cdd3a393aa3ab8e2e1f9c5078c16c9b659bb4b87ff22d/pyrefly-0.58.0-py3-none-win_arm64.whl", hash = "sha256:86425dfb43607027960ffed13722504992e83b45becbb83853d8f961c715dac2", size = 12124266, upload-time = "2026-03-25T01:20:59.641Z" },
]

[[package]]
name = "pytest"
version = "9.0.2"
source = { registry = "https://pypi.org/simple" }
dependencies = [
    { name = "colorama", marker = "sys_platform == 'win32'" },
    { name = "iniconfig" },
    { name = "packaging" },
    { name = "pluggy" },
    { name = "pygments" },
]
sdist = { url = "https://files.pythonhosted.org/packages/d1/db/7ef3487e0fb0049ddb5ce41d3a49c235bf9ad299b6a25d5780a89f19230f/pytest-9.0.2.tar.gz", hash = "sha256:75186651a92bd89611d1d9fc20f0b4345fd827c41ccd5c299a868a05d70edf11", size = 1568901, upload-time = "2025-12-06T21:30:51.014Z" }
wheels = [
    { url = "https://files.pythonhosted.org/packages/3b/ab/b3226f0bd7cdcf710fbede2b3548584366da3b19b5021e74f5bde2a8fa3f/pytest-9.0.2-py3-none-any.whl", hash = "sha256:711ffd45bf766d5264d487b917733b453d917afd2b0ad65223959f59089f875b", size = 374801, upload-time = "2025-12-06T21:30:49.154Z" },
]

[[package]]
name = "pytest-mock"
version = "3.15.1"
source = { registry = "https://pypi.org/simple" }
dependencies = [
    { name = "pytest" },
]
sdist = { url = "https://files.pythonhosted.org/packages/68/14/eb014d26be205d38ad5ad20d9a80f7d201472e08167f0bb4361e251084a9/pytest_mock-3.15.1.tar.gz", hash = "sha256:1849a238f6f396da19762269de72cb1814ab44416fa73a8686deac10b0d87a0f", size = 34036, upload-time = "2025-09-16T16:37:27.081Z" }
wheels = [
    { url = "https://files.pythonhosted.org/packages/5a/cc/06253936f4a7fa2e0f48dfe6d851d9c56df896a9ab09ac019d70b760619c/pytest_mock-3.15.1-py3-none-any.whl", hash = "sha256:0a25e2eb88fe5168d535041d09a4529a188176ae608a6d249ee65abc0949630d", size = 10095, upload-time = "2025-09-16T16:37:25.734Z" },
]

[[package]]
name = "ruff"
version = "0.15.8"
source = { registry = "https://pypi.org/simple" }
sdist = { url = "https://files.pythonhosted.org/packages/14/b0/73cf7550861e2b4824950b8b52eebdcc5adc792a00c514406556c5b80817/ruff-0.15.8.tar.gz", hash = "sha256:995f11f63597ee362130d1d5a327a87cb6f3f5eae3094c620bcc632329a4d26e", size = 4610921, upload-time = "2026-03-26T18:39:38.675Z" }
wheels = [
    { url = "https://files.pythonhosted.org/packages/4a/92/c445b0cd6da6e7ae51e954939cb69f97e008dbe750cfca89b8cedc081be7/ruff-0.15.8-py3-none-linux_armv6l.whl", hash = "sha256:cbe05adeba76d58162762d6b239c9056f1a15a55bd4b346cfd21e26cd6ad7bc7", size = 10527394, upload-time = "2026-03-26T18:39:41.566Z" },
    { url = "https://files.pythonhosted.org/packages/eb/92/f1c662784d149ad1414cae450b082cf736430c12ca78367f20f5ed569d65/ruff-0.15.8-py3-none-macosx_10_12_x86_64.whl", hash = "sha256:d3e3d0b6ba8dca1b7ef9ab80a28e840a20070c4b62e56d675c24f366ef330570", size = 10905693, upload-time = "2026-03-26T18:39:30.364Z" },
    { url = "https://files.pythonhosted.org/packages/ca/f2/7a631a8af6d88bcef997eb1bf87cc3da158294c57044aafd3e17030613de/ruff-0.15.8-py3-none-macosx_11_0_arm64.whl", hash = "sha256:6ee3ae5c65a42f273f126686353f2e08ff29927b7b7e203b711514370d500de3", size = 10323044, upload-time = "2026-03-26T18:39:33.37Z" },
    { url = "https://files.pythonhosted.org/packages/67/18/1bf38e20914a05e72ef3b9569b1d5c70a7ef26cd188d69e9ca8ef588d5bf/ruff-0.15.8-py3-none-manylinux_2_17_aarch64.manylinux2014_aarch64.whl", hash = "sha256:fdce027ada77baa448077ccc6ebb2fa9c3c62fd110d8659d601cf2f475858d94", size = 10629135, upload-time = "2026-03-26T18:39:44.142Z" },
    { url = "https://files.pythonhosted.org/packages/d2/e9/138c150ff9af60556121623d41aba18b7b57d95ac032e177b6a53789d279/ruff-0.15.8-py3-none-manylinux_2_17_armv7l.manylinux2014_armv7l.whl", hash = "sha256:12e617fc01a95e5821648a6df341d80456bd627bfab8a829f7cfc26a14a4b4a3", size = 10348041, upload-time = "2026-03-26T18:39:52.178Z" },
    { url = "https://files.pythonhosted.org/packages/02/f1/5bfb9298d9c323f842c5ddeb85f1f10ef51516ac7a34ba446c9347d898df/ruff-0.15.8-py3-none-manylinux_2_17_i686.manylinux2014_i686.whl", hash = "sha256:432701303b26416d22ba696c39f2c6f12499b89093b61360abc34bcc9bf07762", size = 11121987, upload-time = "2026-03-26T18:39:55.195Z" },
    { url = "https://files.pythonhosted.org/packages/10/11/6da2e538704e753c04e8d86b1fc55712fdbdcc266af1a1ece7a51fff0d10/ruff-0.15.8-py3-none-manylinux_2_17_ppc64le.manylinux2014_ppc64le.whl", hash = "sha256:d910ae974b7a06a33a057cb87d2a10792a3b2b3b35e33d2699fdf63ec8f6b17a", size = 11951057, upload-time = "2026-03-26T18:39:19.18Z" },
    { url = "https://files.pythonhosted.org/packages/83/f0/c9208c5fd5101bf87002fed774ff25a96eea313d305f1e5d5744698dc314/ruff-0.15.8-py3-none-manylinux_2_17_s390x.manylinux2014_s390x.whl", hash = "sha256:2033f963c43949d51e6fdccd3946633c6b37c484f5f98c3035f49c27395a8ab8", size = 11464613, upload-time = "2026-03-26T18:40:06.301Z" },
    { url = "https://files.pythonhosted.org/packages/f8/22/d7f2fabdba4fae9f3b570e5605d5eb4500dcb7b770d3217dca4428484b17/ruff-0.15.8-py3-none-manylinux_2_17_x86_64.manylinux2014_x86_64.whl", hash = "sha256:0f29b989a55572fb885b77464cf24af05500806ab4edf9a0fd8977f9759d85b1", size = 11257557, upload-time = "2026-03-26T18:39:57.972Z" },
    { url = "https://files.pythonhosted.org/packages/71/8c/382a9620038cf6906446b23ce8632ab8c0811b8f9d3e764f58bedd0c9a6f/ruff-0.15.8-py3-none-manylinux_2_31_riscv64.whl", hash = "sha256:ac51d486bf457cdc985a412fb1801b2dfd1bd8838372fc55de64b1510eff4bec", size = 11169440, upload-time = "2026-03-26T18:39:22.205Z" },
    { url = "https://files.pythonhosted.org/packages/4d/0d/0994c802a7eaaf99380085e4e40c845f8e32a562e20a38ec06174b52ef24/ruff-0.15.8-py3-none-musllinux_1_2_aarch64.whl", hash = "sha256:c9861eb959edab053c10ad62c278835ee69ca527b6dcd72b47d5c1e5648964f6", size = 10605963, upload-time = "2026-03-26T18:39:46.682Z" },
    { url = "https://files.pythonhosted.org/packages/19/aa/d624b86f5b0aad7cef6bbf9cd47a6a02dfdc4f72c92a337d724e39c9d14b/ruff-0.15.8-py3-none-musllinux_1_2_armv7l.whl", hash = "sha256:8d9a5b8ea13f26ae90838afc33f91b547e61b794865374f114f349e9036835fb", size = 10357484, upload-time = "2026-03-26T18:39:49.176Z" },
    { url = "https://files.pythonhosted.org/packages/35/c3/e0b7835d23001f7d999f3895c6b569927c4d39912286897f625736e1fd04/ruff-0.15.8-py3-none-musllinux_1_2_i686.whl", hash = "sha256:c2a33a529fb3cbc23a7124b5c6ff121e4d6228029cba374777bd7649cc8598b8", size = 10830426, upload-time = "2026-03-26T18:40:03.702Z" },
    { url = "https://files.pythonhosted.org/packages/f0/51/ab20b322f637b369383adc341d761eaaa0f0203d6b9a7421cd6e783d81b9/ruff-0.15.8-py3-none-musllinux_1_2_x86_64.whl", hash = "sha256:75e5cd06b1cf3f47a3996cfc999226b19aa92e7cce682dcd62f80d7035f98f49", size = 11345125, upload-time = "2026-03-26T18:39:27.799Z" },
    { url = "https://files.pythonhosted.org/packages/37/e6/90b2b33419f59d0f2c4c8a48a4b74b460709a557e8e0064cf33ad894f983/ruff-0.15.8-py3-none-win32.whl", hash = "sha256:bc1f0a51254ba21767bfa9a8b5013ca8149dcf38092e6a9eb704d876de94dc34", size = 10571959, upload-time = "2026-03-26T18:39:36.117Z" },
    { url = "https://files.pythonhosted.org/packages/1f/a2/ef467cb77099062317154c63f234b8a7baf7cb690b99af760c5b68b9ee7f/ruff-0.15.8-py3-none-win_amd64.whl", hash = "sha256:04f79eff02a72db209d47d665ba7ebcad609d8918a134f86cb13dd132159fc89", size = 11743893, upload-time = "2026-03-26T18:39:25.01Z" },
    { url = "https://files.pythonhosted.org/packages/15/e2/77be4fff062fa78d9b2a4dea85d14785dac5f1d0c1fb58ed52331f0ebe28/ruff-0.15.8-py3-none-win_arm64.whl", hash = "sha256:cf891fa8e3bb430c0e7fac93851a5978fc99c8fa2c053b57b118972866f8e5f2", size = 11048175, upload-time = "2026-03-26T18:40:01.06Z" },
]

[[package]]
name = "soupsieve"
version = "2.8"
source = { registry = "https://pypi.org/simple" }
sdist = { url = "https://files.pythonhosted.org/packages/6d/e6/21ccce3262dd4889aa3332e5a119a3491a95e8f60939870a3a035aabac0d/soupsieve-2.8.tar.gz", hash = "sha256:e2dd4a40a628cb5f28f6d4b0db8800b8f581b65bb380b97de22ba5ca8d72572f", size = 103472, upload-time = "2025-08-27T15:39:51.78Z" }
wheels = [
    { url = "https://files.pythonhosted.org/packages/14/a0/bb38d3b76b8cae341dad93a2dd83ab7462e6dbcdd84d43f54ee60a8dc167/soupsieve-2.8-py3-none-any.whl", hash = "sha256:0cc76456a30e20f5d7f2e14a98a4ae2ee4e5abdc7c5ea0aafe795f344bc7984c", size = 36679, upload-time = "2025-08-27T15:39:50.179Z" },
]

[[package]]
name = "ty"
version = "0.0.26"
source = { registry = "https://pypi.org/simple" }
sdist = { url = "https://files.pythonhosted.org/packages/18/94/4879b81f8681117ccaf31544579304f6dc2ddcc0c67f872afb35869643a2/ty-0.0.26.tar.gz", hash = "sha256:0496b62405d62de7b954d6d677dc1cc5d3046197215d7a0a7fef37745d7b6d29", size = 5393643, upload-time = "2026-03-26T16:27:11.067Z" }
wheels = [
    { url = "https://files.pythonhosted.org/packages/83/24/99fe33ecd7e16d23c53b0d4244778c6d1b6eb1663b091236dcba22882d67/ty-0.0.26-py3-none-linux_armv6l.whl", hash = "sha256:35beaa56cf59725fd59ab35d8445bbd40b97fe76db39b052b1fcb31f9bf8adf7", size = 10521856, upload-time = "2026-03-26T16:27:06.335Z" },
    { url = "https://files.pythonhosted.org/packages/55/97/1b5e939e2ff69b9bb279ab680bfa8f677d886309a1ac8d9588fd6ce58146/ty-0.0.26-py3-none-macosx_10_12_x86_64.whl", hash = "sha256:487a0be58ab0eb02e31ba71eb6953812a0f88e50633469b0c0ce3fb795fe0fa1", size = 10320958, upload-time = "2026-03-26T16:27:13.849Z" },
    { url = "https://files.pythonhosted.org/packages/71/25/37081461e13d38a190e5646948d7bc42084f7bd1c6b44f12550be3923e7e/ty-0.0.26-py3-none-macosx_11_0_arm64.whl", hash = "sha256:a01b7de5693379646d423b68f119719a1338a20017ba48a93eefaff1ee56f97b", size = 9799905, upload-time = "2026-03-26T16:26:55.805Z" },
    { url = "https://files.pythonhosted.org/packages/a1/1c/295d8f55a7b0e037dfc3a5ec4bdda3ab3cbca6f492f725bf269f96a4d841/ty-0.0.26-py3-none-manylinux_2_17_aarch64.manylinux2014_aarch64.whl", hash = "sha256:628c3ee869d113dd2bd249925662fd39d9d0305a6cb38f640ddaa7436b74a1ef", size = 10317507, upload-time = "2026-03-26T16:27:31.887Z" },
    { url = "https://files.pythonhosted.org/packages/1d/62/48b3875c5d2f48fe017468d4bbdde1164c76a8184374f1d5e6162cf7d9b8/ty-0.0.26-py3-none-manylinux_2_17_armv7l.manylinux2014_armv7l.whl", hash = "sha256:63d04f35f5370cbc91c0b9675dc83e0c53678125a7b629c9c95769e86f123e65", size = 10319821, upload-time = "2026-03-26T16:27:29.647Z" },
    { url = "https://files.pythonhosted.org/packages/ff/28/cfb2d495046d5bf42d532325cea7412fa1189912d549dbfae417a24fd794/ty-0.0.26-py3-none-manylinux_2_17_i686.manylinux2014_i686.whl", hash = "sha256:4a53c4e6f6a91927f8b90e584a4b12bcde05b0c1870ddff8d17462168ad7947a", size = 10831757, upload-time = "2026-03-26T16:27:37.441Z" },
    { url = "https://files.pythonhosted.org/packages/26/bf/dbc3e42f448a2d862651de070b4108028c543ca18cab096b38d7de449915/ty-0.0.26-py3-none-manylinux_2_17_ppc64le.manylinux2014_ppc64le.whl", hash = "sha256:caf2ced0e58d898d5e3ba5cb843e0ebd377c8a461464748586049afbd9321f51", size = 11369556, upload-time = "2026-03-26T16:26:58.655Z" },
    { url = "https://files.pythonhosted.org/packages/92/4c/6d2f8f34bc6d502ab778c9345a4a936a72ae113de11329c1764bb1f204f6/ty-0.0.26-py3-none-manylinux_2_17_s390x.manylinux2014_s390x.whl", hash = "sha256:384807bbcb7d7ce9b97ee5aaa6417a8ae03ccfb426c52b08018ca62cf60f5430", size = 11085679, upload-time = "2026-03-26T16:27:21.746Z" },
    { url = "https://files.pythonhosted.org/packages/cc/f4/f3f61c203bc980dd9bba0ba7ed3c6e81ddfd36b286330f9487c2c7d041aa/ty-0.0.26-py3-none-manylinux_2_17_x86_64.manylinux2014_x86_64.whl", hash = "sha256:8a2c766a94d79b4f82995d41229702caf2d76e5c440ec7e543d05c70e98bf8ab", size = 10900581, upload-time = "2026-03-26T16:27:24.39Z" },
    { url = "https://files.pythonhosted.org/packages/3d/fd/3ca1b4e4bdd129829e9ce78677e0f8e0f1038a7702dccecfa52f037c6046/ty-0.0.26-py3-none-musllinux_1_2_aarch64.whl", hash = "sha256:f41ac45a0f8e3e8e181508d863a0a62156341db0f624ffd004b97ee550a9de80", size = 10294401, upload-time = "2026-03-26T16:27:03.999Z" },
    { url = "https://files.pythonhosted.org/packages/de/20/4ee3d8c3f90e008843795c765cb8bb245f188c23e5e5cc612c7697406fba/ty-0.0.26-py3-none-musllinux_1_2_armv7l.whl", hash = "sha256:73eb8327a34d529438dfe4db46796946c4e825167cbee434dc148569892e435f", size = 10351469, upload-time = "2026-03-26T16:27:19.003Z" },
    { url = "https://files.pythonhosted.org/packages/3d/b1/9fb154ade65906d4148f0b999c4a8257c2a34253cb72e15d84c1f04a064e/ty-0.0.26-py3-none-musllinux_1_2_i686.whl", hash = "sha256:4bb53a79259516535a1b55f613ba1619e9c666854946474ca8418c35a5c4fd60", size = 10529488, upload-time = "2026-03-26T16:27:01.378Z" },
    { url = "https://files.pythonhosted.org/packages/a5/70/9b02b03b1862e27b64143db65946d68b138160a5b6bfea193bee0b8bbc34/ty-0.0.26-py3-none-musllinux_1_2_x86_64.whl", hash = "sha256:2f0e75edc1aeb1b4b84af516c7891f631254a4ca3dcd15e848fa1e061e1fe9da", size = 10999015, upload-time = "2026-03-26T16:27:34.636Z" },
    { url = "https://files.pythonhosted.org/packages/21/16/0a56b8667296e2989b9d48095472d98ebf57a0006c71f2a101bbc62a142d/ty-0.0.26-py3-none-win32.whl", hash = "sha256:943c998c5523ed6b519c899c0c39b26b4c751a9759e460fb964765a44cde226f", size = 9912378, upload-time = "2026-03-26T16:27:08.999Z" },
    { url = "https://files.pythonhosted.org/packages/60/c2/fef0d4bba9cd89a82d725b3b1a66efb1b36629ecf0fb1d8e916cb75b8829/ty-0.0.26-py3-none-win_amd64.whl", hash = "sha256:19c856d343efeb1ecad8ee220848f5d2c424daf7b2feda357763ad3036e2172f", size = 10863737, upload-time = "2026-03-26T16:27:27.06Z" },
    { url = "https://files.pythonhosted.org/packages/4d/05/888ebcb3c4d3b6b72d5d3241fddd299142caa3c516e6d26a9cd887dfed3b/ty-0.0.26-py3-none-win_arm64.whl", hash = "sha256:2cde58ccffa046db1223dc28f3e7d4f2c7da8267e97cc5cd186af6fe85f1758a", size = 10285408, upload-time = "2026-03-26T16:27:16.432Z" },
]

[[package]]
name = "typing-extensions"
version = "4.15.0"
source = { registry = "https://pypi.org/simple" }
sdist = { url = "https://files.pythonhosted.org/packages/72/94/1a15dd82efb362ac84269196e94cf00f187f7ed21c242792a923cdb1c61f/typing_extensions-4.15.0.tar.gz", hash = "sha256:0cea48d173cc12fa28ecabc3b837ea3cf6f38c6d1136f85cbaaf598984861466", size = 109391, upload-time = "2025-08-25T13:49:26.313Z" }
wheels = [
    { url = "https://files.pythonhosted.org/packages/18/67/36e9267722cc04a6b9f15c7f3441c2363321a3ea07da7ae0c0707beb2a9c/typing_extensions-4.15.0-py3-none-any.whl", hash = "sha256:f0fa19c6845758ab08074a0cfa8b7aecb71c999ca73d62883bc25cc018c4e548", size = 44614, upload-time = "2025-08-25T13:49:24.86Z" },
]

[[package]]
name = "tzdata"
version = "2025.2"
source = { registry = "https://pypi.org/simple" }
sdist = { url = "https://files.pythonhosted.org/packages/95/32/1a225d6164441be760d75c2c42e2780dc0873fe382da3e98a2e1e48361e5/tzdata-2025.2.tar.gz", hash = "sha256:b60a638fcc0daffadf82fe0f57e53d06bdec2f36c4df66280ae79bce6bd6f2b9", size = 196380, upload-time = "2025-03-23T13:54:43.652Z" }
wheels = [
    { url = "https://files.pythonhosted.org/packages/5c/23/c7abc0ca0a1526a0774eca151daeb8de62ec457e77262b66b359c3c7679e/tzdata-2025.2-py2.py3-none-any.whl", hash = "sha256:1a403fada01ff9221ca8044d701868fa132215d84beb92242d9acd2147f667a8", size = 347839, upload-time = "2025-03-23T13:54:41.845Z" },
]

[[package]]
name = "urllib3"
version = "2.6.3"
source = { registry = "https://pypi.org/simple" }
sdist = { url = "https://files.pythonhosted.org/packages/c7/24/5f1b3bdffd70275f6661c76461e25f024d5a38a46f04aaca912426a2b1d3/urllib3-2.6.3.tar.gz", hash = "sha256:1b62b6884944a57dbe321509ab94fd4d3b307075e0c2eae991ac71ee15ad38ed", size = 435556, upload-time = "2026-01-07T16:24:43.925Z" }
wheels = [
    { url = "https://files.pythonhosted.org/packages/39/08/aaaad47bc4e9dc8c725e68f9d04865dbcb2052843ff09c97b08904852d84/urllib3-2.6.3-py3-none-any.whl", hash = "sha256:bf272323e553dfb2e87d9bfd225ca7b0f467b919d7bbd355436d3fd37cb0acd4", size = 131584, upload-time = "2026-01-07T16:24:42.685Z" },
]
