version = 1
revision = 3
requires-python = ">=3.14"

[[package]]
name = "advent-of-code"
version = "0.0.0"
source = { virtual = "." }
dependencies = [
    { name = "advent-of-code-data" },
    { name = "pytest" },
    { name = "pytest-mock" },
    { name = "ruff" },
    { name = "ty" },
]

[package.metadata]
requires-dist = [
    { name = "advent-of-code-data", specifier = ">=2.1.1" },
    { name = "pytest", specifier = ">=9.0.1" },
    { name = "pytest-mock", specifier = ">=3.15.1" },
    { name = "ruff", specifier = ">=0.14.7" },
    { name = "ty", specifier = ">=0.0.1a29" },
]

[[package]]
name = "advent-of-code-data"
version = "2.1.1"
source = { registry = "https://pypi.org/simple" }
dependencies = [
    { name = "aocd-example-parser" },
    { name = "beautifulsoup4" },
    { name = "pebble" },
    { name = "tzdata", marker = "sys_platform == 'win32'" },
    { name = "urllib3" },
]
sdist = { url = "https://files.pythonhosted.org/packages/b1/eb/86b60842b4de007be7f409e5e985fc34f4e3635d175a2940aa0010e90dc2/advent_of_code_data-2.1.1.tar.gz", hash = "sha256:28a85126b06e6225baa475ad0cd7880b75812b89fc890b26d81480997f6bdc6f", size = 48699, upload-time = "2025-12-16T07:13:02.837Z" }
wheels = [
    { url = "https://files.pythonhosted.org/packages/87/13/ef6c589dfb35620c7e2ecc8f1129905382213eda2836538263f308e12d1b/advent_of_code_data-2.1.1-py3-none-any.whl", hash = "sha256:6d92045db4f51820cb0337a3d240873ec586cef16525c686f60250ca97711d6f", size = 39871, upload-time = "2025-12-16T07:13:01.498Z" },
]

[[package]]
name = "aocd-example-parser"
version = "2025.12.11"
source = { registry = "https://pypi.org/simple" }
sdist = { url = "https://files.pythonhosted.org/packages/f9/ea/f67f4360b9e911e2fc3360aa2e8fb1bd430ab024ef5851b0542b8c6bb2bf/aocd_example_parser-2025.12.11.tar.gz", hash = "sha256:473c68d31a43a171e68d7d51a4de3a55936d6e45529d46fb58574e15beb385ac", size = 14776, upload-time = "2025-12-11T07:27:30.829Z" }
wheels = [
    { url = "https://files.pythonhosted.org/packages/0e/9b/d65785ce96052b941e221245dcfe4760fc698b246708c97c6163f898a2c3/aocd_example_parser-2025.12.11-py3-none-any.whl", hash = "sha256:c7c7eb4f85052ea2da60626768c69ac3569aebf68c093ddc96801b8e977307ed", size = 13210, upload-time = "2025-12-11T07:27:29.674Z" },
]

[[package]]
name = "beautifulsoup4"
version = "4.13.5"
source = { registry = "https://pypi.org/simple" }
dependencies = [
    { name = "soupsieve" },
    { name = "typing-extensions" },
]
sdist = { url = "https://files.pythonhosted.org/packages/85/2e/3e5079847e653b1f6dc647aa24549d68c6addb4c595cc0d902d1b19308ad/beautifulsoup4-4.13.5.tar.gz", hash = "sha256:5e70131382930e7c3de33450a2f54a63d5e4b19386eab43a5b34d594268f3695", size = 622954, upload-time = "2025-08-24T14:06:13.168Z" }
wheels = [
    { url = "https://files.pythonhosted.org/packages/04/eb/f4151e0c7377a6e08a38108609ba5cede57986802757848688aeedd1b9e8/beautifulsoup4-4.13.5-py3-none-any.whl", hash = "sha256:642085eaa22233aceadff9c69651bc51e8bf3f874fb6d7104ece2beb24b47c4a", size = 105113, upload-time = "2025-08-24T14:06:14.884Z" },
]

[[package]]
name = "colorama"
version = "0.4.6"
source = { registry = "https://pypi.org/simple" }
sdist = { url = "https://files.pythonhosted.org/packages/d8/53/6f443c9a4a8358a93a6792e2acffb9d9d5cb0a5cfd8802644b7b1c9a02e4/colorama-0.4.6.tar.gz", hash = "sha256:08695f5cb7ed6e0531a20572697297273c47b8cae5a63ffc6d6ed5c201be6e44", size = 27697, upload-time = "2022-10-25T02:36:22.414Z" }
wheels = [
    { url = "https://files.pythonhosted.org/packages/d1/d6/3965ed04c63042e047cb6a3e6ed1a63a35087b6a609aa3a15ed8ac56c221/colorama-0.4.6-py2.py3-none-any.whl", hash = "sha256:4f1d9991f5acc0ca119f9d443620b77f9d6b33703e51011c16baf57afb285fc6", size = 25335, upload-time = "2022-10-25T02:36:20.889Z" },
]

[[package]]
name = "iniconfig"
version = "2.1.0"
source = { registry = "https://pypi.org/simple" }
sdist = { url = "https://files.pythonhosted.org/packages/f2/97/ebf4da567aa6827c909642694d71c9fcf53e5b504f2d96afea02718862f3/iniconfig-2.1.0.tar.gz", hash = "sha256:3abbd2e30b36733fee78f9c7f7308f2d0050e88f0087fd25c2645f63c773e1c7", size = 4793, upload-time = "2025-03-19T20:09:59.721Z" }
wheels = [
    { url = "https://files.pythonhosted.org/packages/2c/e1/e6716421ea10d38022b952c159d5161ca1193197fb744506875fbb87ea7b/iniconfig-2.1.0-py3-none-any.whl", hash = "sha256:9deba5723312380e77435581c6bf4935c94cbfab9b1ed33ef8d238ea168eb760", size = 6050, upload-time = "2025-03-19T20:10:01.071Z" },
]

[[package]]
name = "packaging"
version = "25.0"
source = { registry = "https://pypi.org/simple" }
sdist = { url = "https://files.pythonhosted.org/packages/a1/d4/1fc4078c65507b51b96ca8f8c3ba19e6a61c8253c72794544580a7b6c24d/packaging-25.0.tar.gz", hash = "sha256:d443872c98d677bf60f6a1f2f8c1cb748e8fe762d2bf9d3148b5599295b0fc4f", size = 165727, upload-time = "2025-04-19T11:48:59.673Z" }
wheels = [
    { url = "https://files.pythonhosted.org/packages/20/12/38679034af332785aac8774540895e234f4d07f7545804097de4b666afd8/packaging-25.0-py3-none-any.whl", hash = "sha256:29572ef2b1f17581046b3a2227d5c611fb25ec70ca1ba8554b24b0e69331a484", size = 66469, upload-time = "2025-04-19T11:48:57.875Z" },
]

[[package]]
name = "pebble"
version = "5.1.3"
source = { registry = "https://pypi.org/simple" }
sdist = { url = "https://files.pythonhosted.org/packages/af/aa/730e2b815fed3680629bb9c6c84c3480952fb9067939b7549c789b77a6bc/pebble-5.1.3.tar.gz", hash = "sha256:9fdf00dde4abb09907817114ad8cf822836b6d6cc8f43a3f0ec741be276086e7", size = 39027, upload-time = "2025-07-30T21:16:34.87Z" }
wheels = [
    { url = "https://files.pythonhosted.org/packages/42/42/218f3d1490af0c5f781f1e54fc1e4a2ca163643807d57890d2a246bd626d/Pebble-5.1.3-py3-none-any.whl", hash = "sha256:8b28b1ede25de4b0d9249516d5fd794c330f8f03b692debe374619317ed0bdd7", size = 36868, upload-time = "2025-07-30T21:16:33.133Z" },
]

[[package]]
name = "pluggy"
version = "1.6.0"
source = { registry = "https://pypi.org/simple" }
sdist = { url = "https://files.pythonhosted.org/packages/f9/e2/3e91f31a7d2b083fe6ef3fa267035b518369d9511ffab804f839851d2779/pluggy-1.6.0.tar.gz", hash = "sha256:7dcc130b76258d33b90f61b658791dede3486c3e6bfb003ee5c9bfb396dd22f3", size = 69412, upload-time = "2025-05-15T12:30:07.975Z" }
wheels = [
    { url = "https://files.pythonhosted.org/packages/54/20/4d324d65cc6d9205fabedc306948156824eb9f0ee1633355a8f7ec5c66bf/pluggy-1.6.0-py3-none-any.whl", hash = "sha256:e920276dd6813095e9377c0bc5566d94c932c33b27a3e3945d8389c374dd4746", size = 20538, upload-time = "2025-05-15T12:30:06.134Z" },
]

[[package]]
name = "pygments"
version = "2.19.2"
source = { registry = "https://pypi.org/simple" }
sdist = { url = "https://files.pythonhosted.org/packages/b0/77/a5b8c569bf593b0140bde72ea885a803b82086995367bf2037de0159d924/pygments-2.19.2.tar.gz", hash = "sha256:636cb2477cec7f8952536970bc533bc43743542f70392ae026374600add5b887", size = 4968631, upload-time = "2025-06-21T13:39:12.283Z" }
wheels = [
    { url = "https://files.pythonhosted.org/packages/c7/21/705964c7812476f378728bdf590ca4b771ec72385c533964653c68e86bdc/pygments-2.19.2-py3-none-any.whl", hash = "sha256:86540386c03d588bb81d44bc3928634ff26449851e99741617ecb9037ee5ec0b", size = 1225217, upload-time = "2025-06-21T13:39:07.939Z" },
]

[[package]]
name = "pytest"
version = "9.0.1"
source = { registry = "https://pypi.org/simple" }
dependencies = [
    { name = "colorama", marker = "sys_platform == 'win32'" },
    { name = "iniconfig" },
    { name = "packaging" },
    { name = "pluggy" },
    { name = "pygments" },
]
sdist = { url = "https://files.pythonhosted.org/packages/07/56/f013048ac4bc4c1d9be45afd4ab209ea62822fb1598f40687e6bf45dcea4/pytest-9.0.1.tar.gz", hash = "sha256:3e9c069ea73583e255c3b21cf46b8d3c56f6e3a1a8f6da94ccb0fcf57b9d73c8", size = 1564125, upload-time = "2025-11-12T13:05:09.333Z" }
wheels = [
    { url = "https://files.pythonhosted.org/packages/0b/8b/6300fb80f858cda1c51ffa17075df5d846757081d11ab4aa35cef9e6258b/pytest-9.0.1-py3-none-any.whl", hash = "sha256:67be0030d194df2dfa7b556f2e56fb3c3315bd5c8822c6951162b92b32ce7dad", size = 373668, upload-time = "2025-11-12T13:05:07.379Z" },
]

[[package]]
name = "pytest-mock"
version = "3.15.1"
source = { registry = "https://pypi.org/simple" }
dependencies = [
    { name = "pytest" },
]
sdist = { url = "https://files.pythonhosted.org/packages/68/14/eb014d26be205d38ad5ad20d9a80f7d201472e08167f0bb4361e251084a9/pytest_mock-3.15.1.tar.gz", hash = "sha256:1849a238f6f396da19762269de72cb1814ab44416fa73a8686deac10b0d87a0f", size = 34036, upload-time = "2025-09-16T16:37:27.081Z" }
wheels = [
    { url = "https://files.pythonhosted.org/packages/5a/cc/06253936f4a7fa2e0f48dfe6d851d9c56df896a9ab09ac019d70b760619c/pytest_mock-3.15.1-py3-none-any.whl", hash = "sha256:0a25e2eb88fe5168d535041d09a4529a188176ae608a6d249ee65abc0949630d", size = 10095, upload-time = "2025-09-16T16:37:25.734Z" },
]

[[package]]
name = "ruff"
version = "0.14.7"
source = { registry = "https://pypi.org/simple" }
sdist = { url = "https://files.pythonhosted.org/packages/b7/5b/dd7406afa6c95e3d8fa9d652b6d6dd17dd4a6bf63cb477014e8ccd3dcd46/ruff-0.14.7.tar.gz", hash = "sha256:3417deb75d23bd14a722b57b0a1435561db65f0ad97435b4cf9f85ffcef34ae5", size = 5727324, upload-time = "2025-11-28T20:55:10.525Z" }
wheels = [
    { url = "https://files.pythonhosted.org/packages/8c/b1/7ea5647aaf90106f6d102230e5df874613da43d1089864da1553b899ba5e/ruff-0.14.7-py3-none-linux_armv6l.whl", hash = "sha256:b9d5cb5a176c7236892ad7224bc1e63902e4842c460a0b5210701b13e3de4fca", size = 13414475, upload-time = "2025-11-28T20:54:54.569Z" },
    { url = "https://files.pythonhosted.org/packages/af/19/fddb4cd532299db9cdaf0efdc20f5c573ce9952a11cb532d3b859d6d9871/ruff-0.14.7-py3-none-macosx_10_12_x86_64.whl", hash = "sha256:3f64fe375aefaf36ca7d7250292141e39b4cea8250427482ae779a2aa5d90015", size = 13634613, upload-time = "2025-11-28T20:55:17.54Z" },
    { url = "https://files.pythonhosted.org/packages/40/2b/469a66e821d4f3de0440676ed3e04b8e2a1dc7575cf6fa3ba6d55e3c8557/ruff-0.14.7-py3-none-macosx_11_0_arm64.whl", hash = "sha256:93e83bd3a9e1a3bda64cb771c0d47cda0e0d148165013ae2d3554d718632d554", size = 12765458, upload-time = "2025-11-28T20:55:26.128Z" },
    { url = "https://files.pythonhosted.org/packages/f1/05/0b001f734fe550bcfde4ce845948ac620ff908ab7241a39a1b39bb3c5f49/ruff-0.14.7-py3-none-manylinux_2_17_aarch64.manylinux2014_aarch64.whl", hash = "sha256:3838948e3facc59a6070795de2ae16e5786861850f78d5914a03f12659e88f94", size = 13236412, upload-time = "2025-11-28T20:55:28.602Z" },
    { url = "https://files.pythonhosted.org/packages/11/36/8ed15d243f011b4e5da75cd56d6131c6766f55334d14ba31cce5461f28aa/ruff-0.14.7-py3-none-manylinux_2_17_armv7l.manylinux2014_armv7l.whl", hash = "sha256:24c8487194d38b6d71cd0fd17a5b6715cda29f59baca1defe1e3a03240f851d1", size = 13182949, upload-time = "2025-11-28T20:55:33.265Z" },
    { url = "https://files.pythonhosted.org/packages/3b/cf/fcb0b5a195455729834f2a6eadfe2e4519d8ca08c74f6d2b564a4f18f553/ruff-0.14.7-py3-none-manylinux_2_17_i686.manylinux2014_i686.whl", hash = "sha256:79c73db6833f058a4be8ffe4a0913b6d4ad41f6324745179bd2aa09275b01d0b", size = 13816470, upload-time = "2025-11-28T20:55:08.203Z" },
    { url = "https://files.pythonhosted.org/packages/7f/5d/34a4748577ff7a5ed2f2471456740f02e86d1568a18c9faccfc73bd9ca3f/ruff-0.14.7-py3-none-manylinux_2_17_ppc64.manylinux2014_ppc64.whl", hash = "sha256:12eb7014fccff10fc62d15c79d8a6be4d0c2d60fe3f8e4d169a0d2def75f5dad", size = 15289621, upload-time = "2025-11-28T20:55:30.837Z" },
    { url = "https://files.pythonhosted.org/packages/53/53/0a9385f047a858ba133d96f3f8e3c9c66a31cc7c4b445368ef88ebeac209/ruff-0.14.7-py3-none-manylinux_2_17_ppc64le.manylinux2014_ppc64le.whl", hash = "sha256:6c623bbdc902de7ff715a93fa3bb377a4e42dd696937bf95669118773dbf0c50", size = 14975817, upload-time = "2025-11-28T20:55:24.107Z" },
    { url = "https://files.pythonhosted.org/packages/a8/d7/2f1c32af54c3b46e7fadbf8006d8b9bcfbea535c316b0bd8813d6fb25e5d/ruff-0.14.7-py3-none-manylinux_2_17_s390x.manylinux2014_s390x.whl", hash = "sha256:f53accc02ed2d200fa621593cdb3c1ae06aa9b2c3cae70bc96f72f0000ae97a9", size = 14284549, upload-time = "2025-11-28T20:55:06.08Z" },
    { url = "https://files.pythonhosted.org/packages/92/05/434ddd86becd64629c25fb6b4ce7637dd52a45cc4a4415a3008fe61c27b9/ruff-0.14.7-py3-none-manylinux_2_17_x86_64.manylinux2014_x86_64.whl", hash = "sha256:281f0e61a23fcdcffca210591f0f53aafaa15f9025b5b3f9706879aaa8683bc4", size = 14071389, upload-time = "2025-11-28T20:55:35.617Z" },
    { url = "https://files.pythonhosted.org/packages/ff/50/fdf89d4d80f7f9d4f420d26089a79b3bb1538fe44586b148451bc2ba8d9c/ruff-0.14.7-py3-none-manylinux_2_31_riscv64.whl", hash = "sha256:dbbaa5e14148965b91cb090236931182ee522a5fac9bc5575bafc5c07b9f9682", size = 14202679, upload-time = "2025-11-28T20:55:01.472Z" },
    { url = "https://files.pythonhosted.org/packages/77/54/87b34988984555425ce967f08a36df0ebd339bb5d9d0e92a47e41151eafc/ruff-0.14.7-py3-none-musllinux_1_2_aarch64.whl", hash = "sha256:1464b6e54880c0fe2f2d6eaefb6db15373331414eddf89d6b903767ae2458143", size = 13147677, upload-time = "2025-11-28T20:55:19.933Z" },
    { url = "https://files.pythonhosted.org/packages/67/29/f55e4d44edfe053918a16a3299e758e1c18eef216b7a7092550d7a9ec51c/ruff-0.14.7-py3-none-musllinux_1_2_armv7l.whl", hash = "sha256:f217ed871e4621ea6128460df57b19ce0580606c23aeab50f5de425d05226784", size = 13151392, upload-time = "2025-11-28T20:55:21.967Z" },
    { url = "https://files.pythonhosted.org/packages/36/69/47aae6dbd4f1d9b4f7085f4d9dcc84e04561ee7ad067bf52e0f9b02e3209/ruff-0.14.7-py3-none-musllinux_1_2_i686.whl", hash = "sha256:6be02e849440ed3602d2eb478ff7ff07d53e3758f7948a2a598829660988619e", size = 13412230, upload-time = "2025-11-28T20:55:12.749Z" },
    { url = "https://files.pythonhosted.org/packages/b7/4b/6e96cb6ba297f2ba502a231cd732ed7c3de98b1a896671b932a5eefa3804/ruff-0.14.7-py3-none-musllinux_1_2_x86_64.whl", hash = "sha256:19a0f116ee5e2b468dfe80c41c84e2bbd6b74f7b719bee86c2ecde0a34563bcc", size = 14195397, upload-time = "2025-11-28T20:54:56.896Z" },
    { url = "https://files.pythonhosted.org/packages/69/82/251d5f1aa4dcad30aed491b4657cecd9fb4274214da6960ffec144c260f7/ruff-0.14.7-py3-none-win32.whl", hash = "sha256:e33052c9199b347c8937937163b9b149ef6ab2e4bb37b042e593da2e6f6cccfa", size = 13126751, upload-time = "2025-11-28T20:55:03.47Z" },
    { url = "https://files.pythonhosted.org/packages/a8/b5/d0b7d145963136b564806f6584647af45ab98946660d399ec4da79cae036/ruff-0.14.7-py3-none-win_amd64.whl", hash = "sha256:e17a20ad0d3fad47a326d773a042b924d3ac31c6ca6deb6c72e9e6b5f661a7c6", size = 14531726, upload-time = "2025-11-28T20:54:59.121Z" },
    { url = "https://files.pythonhosted.org/packages/1d/d2/1637f4360ada6a368d3265bf39f2cf737a0aaab15ab520fc005903e883f8/ruff-0.14.7-py3-none-win_arm64.whl", hash = "sha256:be4d653d3bea1b19742fcc6502354e32f65cd61ff2fbdb365803ef2c2aec6228", size = 13609215, upload-time = "2025-11-28T20:55:15.375Z" },
]

[[package]]
name = "soupsieve"
version = "2.8"
source = { registry = "https://pypi.org/simple" }
sdist = { url = "https://files.pythonhosted.org/packages/6d/e6/21ccce3262dd4889aa3332e5a119a3491a95e8f60939870a3a035aabac0d/soupsieve-2.8.tar.gz", hash = "sha256:e2dd4a40a628cb5f28f6d4b0db8800b8f581b65bb380b97de22ba5ca8d72572f", size = 103472, upload-time = "2025-08-27T15:39:51.78Z" }
wheels = [
    { url = "https://files.pythonhosted.org/packages/14/a0/bb38d3b76b8cae341dad93a2dd83ab7462e6dbcdd84d43f54ee60a8dc167/soupsieve-2.8-py3-none-any.whl", hash = "sha256:0cc76456a30e20f5d7f2e14a98a4ae2ee4e5abdc7c5ea0aafe795f344bc7984c", size = 36679, upload-time = "2025-08-27T15:39:50.179Z" },
]

[[package]]
name = "ty"
version = "0.0.1a29"
source = { registry = "https://pypi.org/simple" }
sdist = { url = "https://files.pythonhosted.org/packages/82/e1/1a75c95fbb284954b2f6fbbf7fbf1d35f531f50ebe93b23cf53145d1bc1d/ty-0.0.1a29.tar.gz", hash = "sha256:43bb55fd467a057880d62ad4bbb048223fd4fba7d8e4d7d5372a0f4881da83fe", size = 4624122, upload-time = "2025-11-28T20:23:51.728Z" }
wheels = [
    { url = "https://files.pythonhosted.org/packages/be/49/35034e045ef27ebf220de742c092b1982902740c3ca151ad2072035df77a/ty-0.0.1a29-py3-none-linux_armv6l.whl", hash = "sha256:0276e8e0779046d464dec8415c240cc76b22e22c8c22c227dec2d79395f037be", size = 9581368, upload-time = "2025-11-28T20:24:07.099Z" },
    { url = "https://files.pythonhosted.org/packages/c4/76/350ab2592984907a7ed4a887b4e041ce4afe002ca0dff796c81e06b66e1d/ty-0.0.1a29-py3-none-macosx_10_12_x86_64.whl", hash = "sha256:4a47afe9be12667ff521a0f2ed5a0873fb85c1f8330a6680e0e3366f016e3e42", size = 9371567, upload-time = "2025-11-28T20:23:49.634Z" },
    { url = "https://files.pythonhosted.org/packages/7d/f6/27977a0206c9914a2b2be5a96c155cd38cf976492388b58ad09e14c42050/ty-0.0.1a29-py3-none-macosx_11_0_arm64.whl", hash = "sha256:c0041f1c36fac2099bc61aa8cdad18d890ceb15544ba33f522f9967372fb3b82", size = 8889114, upload-time = "2025-11-28T20:23:42.492Z" },
    { url = "https://files.pythonhosted.org/packages/34/1b/4f3c20ae1dac6cdc1c42f020a9fd37733f695bff13c4759ba4d84d1dcd51/ty-0.0.1a29-py3-none-manylinux_2_17_aarch64.manylinux2014_aarch64.whl", hash = "sha256:46ed30fafdde93968f033bbdd3576f068ebe979c65fd2fcc166b1cff00097e5c", size = 9172880, upload-time = "2025-11-28T20:23:53.906Z" },
    { url = "https://files.pythonhosted.org/packages/fb/76/a671e3e560f37a3f82979637ec362d66363a94e5f23c99cf4f16a9fc737b/ty-0.0.1a29-py3-none-manylinux_2_17_armv7l.manylinux2014_armv7l.whl", hash = "sha256:3814a7bd8b38d761ea621bf9ae7d1d38a7dde514d9f0e07fb2e70ea5aeeea0f5", size = 9377768, upload-time = "2025-11-28T20:24:11.365Z" },
    { url = "https://files.pythonhosted.org/packages/2b/f3/44b03bb0d96451c473a15bb2ab1dbd828b73f2f3c98f8991c8ac2f8a8083/ty-0.0.1a29-py3-none-manylinux_2_17_i686.manylinux2014_i686.whl", hash = "sha256:466f9eedee4fe17f6d1da352e5174374c935facf3dd4a6c6d301891864ac1797", size = 9756864, upload-time = "2025-11-28T20:24:03.523Z" },
    { url = "https://files.pythonhosted.org/packages/0f/75/056a750c4db3326825e0ba009b018892fff47b56efee8e648e01410f9199/ty-0.0.1a29-py3-none-manylinux_2_17_ppc64.manylinux2014_ppc64.whl", hash = "sha256:dc47493923c850ebc3a545b4d738da9924361cc9a9c67fbf4b49786462c5998e", size = 10390516, upload-time = "2025-11-28T20:23:44.891Z" },
    { url = "https://files.pythonhosted.org/packages/9d/1b/e2a764f84cf71ccb65671ce7678fa787d1a73bfffa4804f443c642c691aa/ty-0.0.1a29-py3-none-manylinux_2_17_ppc64le.manylinux2014_ppc64le.whl", hash = "sha256:91acf7c35f655c1cb38b7029dc09330fccbc5d18fffb0ecbd7f218518d5fb8d3", size = 10135269, upload-time = "2025-11-28T20:23:59.584Z" },
    { url = "https://files.pythonhosted.org/packages/c9/46/6a7db14e584bd1b3da6b21a02190e218ddc3720a5b699b56039d142c4674/ty-0.0.1a29-py3-none-manylinux_2_17_s390x.manylinux2014_s390x.whl", hash = "sha256:a3260e3524d038c08234d77c0b8aecd8c12096ec6df153960591dedbd5688078", size = 10161544, upload-time = "2025-11-28T20:23:47.514Z" },
    { url = "https://files.pythonhosted.org/packages/52/9e/04dfd308788117fe04cc6fe85612ea2945d852c1c9c80150f5aae0d7fe0c/ty-0.0.1a29-py3-none-manylinux_2_17_x86_64.manylinux2014_x86_64.whl", hash = "sha256:2fc361cc48f901727a5f7a05cede0102cd4d1eba4aebc6269cb8ec7db23e6c86", size = 9706468, upload-time = "2025-11-28T20:24:13.565Z" },
    { url = "https://files.pythonhosted.org/packages/3f/86/3c0e21b7d7a4f721f5eb35542ed672c790ef3c0570f5665ff26bad4f3c69/ty-0.0.1a29-py3-none-musllinux_1_2_aarch64.whl", hash = "sha256:8ef39318e49f0cf7f7d1de79003c0939749dc0bb5e3a54c8c3a15d0c6950dc8f", size = 9142491, upload-time = "2025-11-28T20:24:01.311Z" },
    { url = "https://files.pythonhosted.org/packages/0e/a8/55ce8472174efe1d53a6f25c8e325894e121471ecf4332957c941a503cef/ty-0.0.1a29-py3-none-musllinux_1_2_armv7l.whl", hash = "sha256:c6f4288b96d37d714542f2e8475d3822be427ebc573a85fc374c1eda7f0381fc", size = 9405392, upload-time = "2025-11-28T20:23:56.368Z" },
    { url = "https://files.pythonhosted.org/packages/46/a6/2889a049257b0dd5c41ee0ca4c0081959b46184338ed378743f45c3d997d/ty-0.0.1a29-py3-none-musllinux_1_2_i686.whl", hash = "sha256:e0fb272452129ba2cd1445a596a4a85c94ec52cb58fb800ed19a3056d8aa84d5", size = 9516865, upload-time = "2025-11-28T20:24:05.247Z" },
    { url = "https://files.pythonhosted.org/packages/50/78/35e5bdce73d9f631a14cb838b024377a5c7fcc73a2254a993e9060247d52/ty-0.0.1a29-py3-none-musllinux_1_2_x86_64.whl", hash = "sha256:fb6d3ac94a95e86d6f3bc9e39b8e7a3e300be4224b1ac7984ccb3136dfa41d77", size = 9815887, upload-time = "2025-11-28T20:24:08.895Z" },
    { url = "https://files.pythonhosted.org/packages/95/f9/6bb402efa8ad252d5e6b39eeb2a920ef85792c9602617bf391df7c40313a/ty-0.0.1a29-py3-none-win32.whl", hash = "sha256:fb4df9f8bf401a42019526c0da72e26de1b9dab3188d1df59ec6ecbd15edce4a", size = 9029263, upload-time = "2025-11-28T20:24:18.057Z" },
    { url = "https://files.pythonhosted.org/packages/be/f0/3e314ee1a369eba776f3f8e9fac535b9703127097b7e52de5aba025d5c99/ty-0.0.1a29-py3-none-win_amd64.whl", hash = "sha256:3908a8b12616c52520bc7dc1a14732c3b86181125b1326444fc37049d2a20c37", size = 9875790, upload-time = "2025-11-28T20:24:15.884Z" },
    { url = "https://files.pythonhosted.org/packages/af/c2/37d81529242602cd486cd112a93312874948d276515e5fb0718b0f99758d/ty-0.0.1a29-py3-none-win_arm64.whl", hash = "sha256:999ae9077f153fd1804b840d21d904850b9047e361a6a67da8d06dadf94a189a", size = 9373509, upload-time = "2025-11-28T20:24:19.941Z" },
]

[[package]]
name = "typing-extensions"
version = "4.15.0"
source = { registry = "https://pypi.org/simple" }
sdist = { url = "https://files.pythonhosted.org/packages/72/94/1a15dd82efb362ac84269196e94cf00f187f7ed21c242792a923cdb1c61f/typing_extensions-4.15.0.tar.gz", hash = "sha256:0cea48d173cc12fa28ecabc3b837ea3cf6f38c6d1136f85cbaaf598984861466", size = 109391, upload-time = "2025-08-25T13:49:26.313Z" }
wheels = [
    { url = "https://files.pythonhosted.org/packages/18/67/36e9267722cc04a6b9f15c7f3441c2363321a3ea07da7ae0c0707beb2a9c/typing_extensions-4.15.0-py3-none-any.whl", hash = "sha256:f0fa19c6845758ab08074a0cfa8b7aecb71c999ca73d62883bc25cc018c4e548", size = 44614, upload-time = "2025-08-25T13:49:24.86Z" },
]

[[package]]
name = "tzdata"
version = "2025.2"
source = { registry = "https://pypi.org/simple" }
sdist = { url = "https://files.pythonhosted.org/packages/95/32/1a225d6164441be760d75c2c42e2780dc0873fe382da3e98a2e1e48361e5/tzdata-2025.2.tar.gz", hash = "sha256:b60a638fcc0daffadf82fe0f57e53d06bdec2f36c4df66280ae79bce6bd6f2b9", size = 196380, upload-time = "2025-03-23T13:54:43.652Z" }
wheels = [
    { url = "https://files.pythonhosted.org/packages/5c/23/c7abc0ca0a1526a0774eca151daeb8de62ec457e77262b66b359c3c7679e/tzdata-2025.2-py2.py3-none-any.whl", hash = "sha256:1a403fada01ff9221ca8044d701868fa132215d84beb92242d9acd2147f667a8", size = 347839, upload-time = "2025-03-23T13:54:41.845Z" },
]

[[package]]
name = "urllib3"
version = "2.5.0"
source = { registry = "https://pypi.org/simple" }
sdist = { url = "https://files.pythonhosted.org/packages/15/22/9ee70a2574a4f4599c47dd506532914ce044817c7752a79b6a51286319bc/urllib3-2.5.0.tar.gz", hash = "sha256:3fc47733c7e419d4bc3f6b3dc2b4f890bb743906a30d56ba4a5bfa4bbff92760", size = 393185, upload-time = "2025-06-18T14:07:41.644Z" }
wheels = [
    { url = "https://files.pythonhosted.org/packages/a7/c2/fe1e52489ae3122415c51f387e221dd0773709bad6c6cdaa599e8a2c5185/urllib3-2.5.0-py3-none-any.whl", hash = "sha256:e6b01673c0fa6a13e374b50871808eb3bf7046c4b125b216f6bf1cc604cff0dc", size = 129795, upload-time = "2025-06-18T14:07:40.39Z" },
]
