version = 1
revision = 3
requires-python = ">=3.13"

[[package]]
name = "advent-of-code"
version = "0.0.0"
source = { virtual = "." }
dependencies = [
    { name = "advent-of-code-data" },
    { name = "basedpyright" },
    { name = "click" },
    { name = "dprint-py" },
    { name = "pre-commit" },
    { name = "prek" },
    { name = "pytest" },
    { name = "pytest-github-actions-annotate-failures" },
    { name = "pytest-mock" },
    { name = "reorder-python-imports" },
    { name = "ruff" },
]

[package.metadata]
requires-dist = [
    { name = "advent-of-code-data", specifier = ">=2.1.0" },
    { name = "basedpyright", specifier = ">=1.31.3" },
    { name = "click", specifier = ">=8.2.1" },
    { name = "dprint-py", specifier = ">=0.50.1.4" },
    { name = "pre-commit", specifier = ">=4.3.0" },
    { name = "prek", specifier = ">=0.1.4" },
    { name = "pytest", specifier = ">=8.4.1" },
    { name = "pytest-github-actions-annotate-failures", specifier = ">=0.3.0" },
    { name = "pytest-mock", specifier = ">=3.14.1" },
    { name = "reorder-python-imports", specifier = ">=3.15.0" },
    { name = "ruff", specifier = ">=0.12.10" },
]

[[package]]
name = "advent-of-code-data"
version = "2.1.0"
source = { registry = "https://pypi.org/simple" }
dependencies = [
    { name = "aocd-example-parser" },
    { name = "beautifulsoup4" },
    { name = "pebble" },
    { name = "tzdata", marker = "sys_platform == 'win32'" },
    { name = "urllib3" },
]
sdist = { url = "https://files.pythonhosted.org/packages/c2/ba/90939f2d091ef220a09d2a24e56b6296ac442428be1051bcdc9125a79054/advent_of_code_data-2.1.0.tar.gz", hash = "sha256:947e6583f581ed184873aac835b333fc39a5712cce606c67532f9d43253a98e2", size = 47624, upload-time = "2025-01-04T04:53:57.747Z" }
wheels = [
    { url = "https://files.pythonhosted.org/packages/8f/fe/47de97c2473539c14a1041297ae9807539372be08ccaf3b645fa21af1930/advent_of_code_data-2.1.0-py3-none-any.whl", hash = "sha256:1e0457338a9572e610f72da8aad8b06f778311a69b0ec676bf2e5db8328f4d45", size = 39468, upload-time = "2025-01-04T04:53:55.321Z" },
]

[[package]]
name = "aocd-example-parser"
version = "2024.12.25"
source = { registry = "https://pypi.org/simple" }
sdist = { url = "https://files.pythonhosted.org/packages/85/73/4dc4b85442fac53784887d4952e61123798999dd68b41c28db2517e12592/aocd_example_parser-2024.12.25.tar.gz", hash = "sha256:51aa57aee98026164c063ffd943cb9a488787fd2d19779362bea04f9cd386984", size = 14682, upload-time = "2025-01-09T05:03:45.631Z" }
wheels = [
    { url = "https://files.pythonhosted.org/packages/62/3c/e14435d3dd6a93ef81b8160ad0957c9eef2cc2eb9bf2019c47d853826120/aocd_example_parser-2024.12.25-py3-none-any.whl", hash = "sha256:6447dfb0b7d89bd901ed1c99d6c1c8d74a3b519b81f3db0e4116ca0ba9f5cb08", size = 13162, upload-time = "2025-01-09T05:03:43.388Z" },
]

[[package]]
name = "basedpyright"
version = "1.31.3"
source = { registry = "https://pypi.org/simple" }
dependencies = [
    { name = "nodejs-wheel-binaries" },
]
sdist = { url = "https://files.pythonhosted.org/packages/64/3e/e5cd03d33a6ddd341427a0fe2fb27944ae11973069a8b880dad99102361b/basedpyright-1.31.3.tar.gz", hash = "sha256:c77bff2dc7df4fe09c0ee198589d8d24faaf8bfd883ee9e0af770b1a275a58f8", size = 22481852, upload-time = "2025-08-20T15:08:25.131Z" }
wheels = [
    { url = "https://files.pythonhosted.org/packages/d1/e5/edf168b8dd936bb82a97ebb76e7295c94a4f9d1c2e8e8a04696ef2b3a524/basedpyright-1.31.3-py3-none-any.whl", hash = "sha256:bdb0b5a9abe287a023d330fc71eaed181aaffd48f1dec59567f912cf716f38ff", size = 11722347, upload-time = "2025-08-20T15:08:20.528Z" },
]

[[package]]
name = "beautifulsoup4"
version = "4.13.5"
source = { registry = "https://pypi.org/simple" }
dependencies = [
    { name = "soupsieve" },
    { name = "typing-extensions" },
]
sdist = { url = "https://files.pythonhosted.org/packages/85/2e/3e5079847e653b1f6dc647aa24549d68c6addb4c595cc0d902d1b19308ad/beautifulsoup4-4.13.5.tar.gz", hash = "sha256:5e70131382930e7c3de33450a2f54a63d5e4b19386eab43a5b34d594268f3695", size = 622954, upload-time = "2025-08-24T14:06:13.168Z" }
wheels = [
    { url = "https://files.pythonhosted.org/packages/04/eb/f4151e0c7377a6e08a38108609ba5cede57986802757848688aeedd1b9e8/beautifulsoup4-4.13.5-py3-none-any.whl", hash = "sha256:642085eaa22233aceadff9c69651bc51e8bf3f874fb6d7104ece2beb24b47c4a", size = 105113, upload-time = "2025-08-24T14:06:14.884Z" },
]

[[package]]
name = "cfgv"
version = "3.4.0"
source = { registry = "https://pypi.org/simple" }
sdist = { url = "https://files.pythonhosted.org/packages/11/74/539e56497d9bd1d484fd863dd69cbbfa653cd2aa27abfe35653494d85e94/cfgv-3.4.0.tar.gz", hash = "sha256:e52591d4c5f5dead8e0f673fb16db7949d2cfb3f7da4582893288f0ded8fe560", size = 7114, upload-time = "2023-08-12T20:38:17.776Z" }
wheels = [
    { url = "https://files.pythonhosted.org/packages/c5/55/51844dd50c4fc7a33b653bfaba4c2456f06955289ca770a5dbd5fd267374/cfgv-3.4.0-py2.py3-none-any.whl", hash = "sha256:b7265b1f29fd3316bfcd2b330d63d024f2bfd8bcb8b0272f8e19a504856c48f9", size = 7249, upload-time = "2023-08-12T20:38:16.269Z" },
]

[[package]]
name = "classify-imports"
version = "4.2.0"
source = { registry = "https://pypi.org/simple" }
sdist = { url = "https://files.pythonhosted.org/packages/7e/b6/6cdc486fced92110a8166aa190b7d60435165119990fc2e187a56d15144b/classify_imports-4.2.0.tar.gz", hash = "sha256:7abfb7ea92149b29d046bd34573d247ba6e68cc28100c801eba4af17964fc40e", size = 5188, upload-time = "2022-07-31T22:59:12.139Z" }
wheels = [
    { url = "https://files.pythonhosted.org/packages/8b/a5/f752351ea2652744f711bf5d478f00e2ceeeff0def6316ea9e1bfa18d8d2/classify_imports-4.2.0-py2.py3-none-any.whl", hash = "sha256:dbbc264b70a470ed8c6c95976a11dfb8b7f63df44ed1af87328bbed2663f5161", size = 5403, upload-time = "2022-07-31T22:59:10.799Z" },
]

[[package]]
name = "click"
version = "8.2.1"
source = { registry = "https://pypi.org/simple" }
dependencies = [
    { name = "colorama", marker = "sys_platform == 'win32'" },
]
sdist = { url = "https://files.pythonhosted.org/packages/60/6c/8ca2efa64cf75a977a0d7fac081354553ebe483345c734fb6b6515d96bbc/click-8.2.1.tar.gz", hash = "sha256:27c491cc05d968d271d5a1db13e3b5a184636d9d930f148c50b038f0d0646202", size = 286342, upload-time = "2025-05-20T23:19:49.832Z" }
wheels = [
    { url = "https://files.pythonhosted.org/packages/85/32/10bb5764d90a8eee674e9dc6f4db6a0ab47c8c4d0d83c27f7c39ac415a4d/click-8.2.1-py3-none-any.whl", hash = "sha256:61a3265b914e850b85317d0b3109c7f8cd35a670f963866005d6ef1d5175a12b", size = 102215, upload-time = "2025-05-20T23:19:47.796Z" },
]

[[package]]
name = "colorama"
version = "0.4.6"
source = { registry = "https://pypi.org/simple" }
sdist = { url = "https://files.pythonhosted.org/packages/d8/53/6f443c9a4a8358a93a6792e2acffb9d9d5cb0a5cfd8802644b7b1c9a02e4/colorama-0.4.6.tar.gz", hash = "sha256:08695f5cb7ed6e0531a20572697297273c47b8cae5a63ffc6d6ed5c201be6e44", size = 27697, upload-time = "2022-10-25T02:36:22.414Z" }
wheels = [
    { url = "https://files.pythonhosted.org/packages/d1/d6/3965ed04c63042e047cb6a3e6ed1a63a35087b6a609aa3a15ed8ac56c221/colorama-0.4.6-py2.py3-none-any.whl", hash = "sha256:4f1d9991f5acc0ca119f9d443620b77f9d6b33703e51011c16baf57afb285fc6", size = 25335, upload-time = "2022-10-25T02:36:20.889Z" },
]

[[package]]
name = "distlib"
version = "0.4.0"
source = { registry = "https://pypi.org/simple" }
sdist = { url = "https://files.pythonhosted.org/packages/96/8e/709914eb2b5749865801041647dc7f4e6d00b549cfe88b65ca192995f07c/distlib-0.4.0.tar.gz", hash = "sha256:feec40075be03a04501a973d81f633735b4b69f98b05450592310c0f401a4e0d", size = 614605, upload-time = "2025-07-17T16:52:00.465Z" }
wheels = [
    { url = "https://files.pythonhosted.org/packages/33/6b/e0547afaf41bf2c42e52430072fa5658766e3d65bd4b03a563d1b6336f57/distlib-0.4.0-py2.py3-none-any.whl", hash = "sha256:9659f7d87e46584a30b5780e43ac7a2143098441670ff0a49d5f9034c54a6c16", size = 469047, upload-time = "2025-07-17T16:51:58.613Z" },
]

[[package]]
name = "dprint-py"
version = "0.50.1.4"
source = { registry = "https://pypi.org/simple" }
wheels = [
    { url = "https://files.pythonhosted.org/packages/02/07/357c1a997f13b9a72cb86f654e9cfc087b68856102c3d78bf2a0646f0461/dprint_py-0.50.1.4-py3-none-macosx_11_0_arm64.whl", hash = "sha256:c1bc95f56c832f38a07fd76d7bee438b6e3f64128b9d5c31eed42e2fe79e4b5a", size = 21151554, upload-time = "2025-07-31T13:04:26.013Z" },
    { url = "https://files.pythonhosted.org/packages/6c/10/25ec06220055a4d38f728bdf26f95b1f7ffc44987cf44a3fefca0911fa31/dprint_py-0.50.1.4-py3-none-macosx_11_0_x86_64.whl", hash = "sha256:02d373d8aee97bfe2b91423351fbd3b5e2efef1c30dcf469599db42725265d67", size = 22366839, upload-time = "2025-07-31T13:04:28.376Z" },
    { url = "https://files.pythonhosted.org/packages/f9/41/1bcd3f5113bd1818f07ab1889163384aa74db052b1bfe361ab1518cfc5aa/dprint_py-0.50.1.4-py3-none-manylinux_2_17_aarch64.whl", hash = "sha256:a9261c4cdcb1d88d289ded67e3c0f678ea85367464ab99c65e46baaa2c120dd5", size = 23884927, upload-time = "2025-07-31T13:04:30.742Z" },
    { url = "https://files.pythonhosted.org/packages/d7/86/ab569f5b7203156767e2cd2be60d0febef18043ca9c1d4d37b7c6429b4f7/dprint_py-0.50.1.4-py3-none-manylinux_2_17_x86_64.whl", hash = "sha256:89fd0253fd11d4f80db2c779f056065cd345199684e60fa89494b1876d5485d8", size = 24459510, upload-time = "2025-07-31T13:04:33.901Z" },
    { url = "https://files.pythonhosted.org/packages/cb/2c/d71cd39383342e0bcfb7b0330ebdc8089c300d535674a1de2ee41c29ba97/dprint_py-0.50.1.4-py3-none-win_amd64.whl", hash = "sha256:7e141c1a0d5dc9793b7029808447c5f648499729ed57e35a3d56e9d608d09610", size = 20604053, upload-time = "2025-07-31T13:04:36.821Z" },
]

[[package]]
name = "filelock"
version = "3.19.1"
source = { registry = "https://pypi.org/simple" }
sdist = { url = "https://files.pythonhosted.org/packages/40/bb/0ab3e58d22305b6f5440629d20683af28959bf793d98d11950e305c1c326/filelock-3.19.1.tar.gz", hash = "sha256:66eda1888b0171c998b35be2bcc0f6d75c388a7ce20c3f3f37aa8e96c2dddf58", size = 17687, upload-time = "2025-08-14T16:56:03.016Z" }
wheels = [
    { url = "https://files.pythonhosted.org/packages/42/14/42b2651a2f46b022ccd948bca9f2d5af0fd8929c4eec235b8d6d844fbe67/filelock-3.19.1-py3-none-any.whl", hash = "sha256:d38e30481def20772f5baf097c122c3babc4fcdb7e14e57049eb9d88c6dc017d", size = 15988, upload-time = "2025-08-14T16:56:01.633Z" },
]

[[package]]
name = "identify"
version = "2.6.13"
source = { registry = "https://pypi.org/simple" }
sdist = { url = "https://files.pythonhosted.org/packages/82/ca/ffbabe3635bb839aa36b3a893c91a9b0d368cb4d8073e03a12896970af82/identify-2.6.13.tar.gz", hash = "sha256:da8d6c828e773620e13bfa86ea601c5a5310ba4bcd65edf378198b56a1f9fb32", size = 99243, upload-time = "2025-08-09T19:35:00.6Z" }
wheels = [
    { url = "https://files.pythonhosted.org/packages/e7/ce/461b60a3ee109518c055953729bf9ed089a04db895d47e95444071dcdef2/identify-2.6.13-py2.py3-none-any.whl", hash = "sha256:60381139b3ae39447482ecc406944190f690d4a2997f2584062089848361b33b", size = 99153, upload-time = "2025-08-09T19:34:59.1Z" },
]

[[package]]
name = "iniconfig"
version = "2.1.0"
source = { registry = "https://pypi.org/simple" }
sdist = { url = "https://files.pythonhosted.org/packages/f2/97/ebf4da567aa6827c909642694d71c9fcf53e5b504f2d96afea02718862f3/iniconfig-2.1.0.tar.gz", hash = "sha256:3abbd2e30b36733fee78f9c7f7308f2d0050e88f0087fd25c2645f63c773e1c7", size = 4793, upload-time = "2025-03-19T20:09:59.721Z" }
wheels = [
    { url = "https://files.pythonhosted.org/packages/2c/e1/e6716421ea10d38022b952c159d5161ca1193197fb744506875fbb87ea7b/iniconfig-2.1.0-py3-none-any.whl", hash = "sha256:9deba5723312380e77435581c6bf4935c94cbfab9b1ed33ef8d238ea168eb760", size = 6050, upload-time = "2025-03-19T20:10:01.071Z" },
]

[[package]]
name = "nodeenv"
version = "1.9.1"
source = { registry = "https://pypi.org/simple" }
sdist = { url = "https://files.pythonhosted.org/packages/43/16/fc88b08840de0e0a72a2f9d8c6bae36be573e475a6326ae854bcc549fc45/nodeenv-1.9.1.tar.gz", hash = "sha256:6ec12890a2dab7946721edbfbcd91f3319c6ccc9aec47be7c7e6b7011ee6645f", size = 47437, upload-time = "2024-06-04T18:44:11.171Z" }
wheels = [
    { url = "https://files.pythonhosted.org/packages/d2/1d/1b658dbd2b9fa9c4c9f32accbfc0205d532c8c6194dc0f2a4c0428e7128a/nodeenv-1.9.1-py2.py3-none-any.whl", hash = "sha256:ba11c9782d29c27c70ffbdda2d7415098754709be8a7056d79a737cd901155c9", size = 22314, upload-time = "2024-06-04T18:44:08.352Z" },
]

[[package]]
name = "nodejs-wheel-binaries"
version = "22.18.0"
source = { registry = "https://pypi.org/simple" }
wheels = [
    { url = "https://files.pythonhosted.org/packages/7e/6d/773e09de4a052cc75c129c3766a3cf77c36bff8504a38693b735f4a1eb55/nodejs_wheel_binaries-22.18.0-py2.py3-none-macosx_11_0_arm64.whl", hash = "sha256:53b04495857755c5d5658f7ac969d84f25898fe0b0c1bdc41172e5e0ac6105ca", size = 50873051, upload-time = "2025-08-01T11:10:29.475Z" },
    { url = "https://files.pythonhosted.org/packages/ae/fc/3d6fd4ad5d26c9acd46052190d6a8895dc5050297b03d9cce03def53df0d/nodejs_wheel_binaries-22.18.0-py2.py3-none-macosx_11_0_x86_64.whl", hash = "sha256:bd4d016257d4dfe604ed526c19bd4695fdc4f4cc32e8afc4738111447aa96d03", size = 51814481, upload-time = "2025-08-01T11:10:33.086Z" },
    { url = "https://files.pythonhosted.org/packages/10/f9/7be44809a861605f844077f9e731a117b669d5ca6846a7820e7dd82c9fad/nodejs_wheel_binaries-22.18.0-py2.py3-none-manylinux_2_17_aarch64.manylinux2014_aarch64.whl", hash = "sha256:f3b125f94f3f5e8ab9560d3bd637497f02e45470aeea74cf6fe60afe751cfa5f", size = 57804907, upload-time = "2025-08-01T11:10:36.83Z" },
    { url = "https://files.pythonhosted.org/packages/e9/67/563e74a0dff653ec7ddee63dc49b3f37a20df39f23675cfc801d7e8e4bb7/nodejs_wheel_binaries-22.18.0-py2.py3-none-manylinux_2_17_x86_64.manylinux2014_x86_64.whl", hash = "sha256:78bbb81b6e67c15f04e2a9c6c220d7615fb46ae8f1ad388df0d66abac6bed5f8", size = 58335587, upload-time = "2025-08-01T11:10:40.716Z" },
    { url = "https://files.pythonhosted.org/packages/b6/b1/ec45fefef60223dd40e7953e2ff087964e200d6ec2d04eae0171d6428679/nodejs_wheel_binaries-22.18.0-py2.py3-none-musllinux_1_2_aarch64.whl", hash = "sha256:f5d3ea8b7f957ae16b73241451f6ce831d6478156f363cce75c7ea71cbe6c6f7", size = 59662356, upload-time = "2025-08-01T11:10:44.795Z" },
    { url = "https://files.pythonhosted.org/packages/a2/ed/6de2c73499eebf49d0d20e0704f64566029a3441c48cd4f655d49befd28b/nodejs_wheel_binaries-22.18.0-py2.py3-none-musllinux_1_2_x86_64.whl", hash = "sha256:bcda35b07677039670102a6f9b78c2313fd526111d407cb7ffc2a4c243a48ef9", size = 60706806, upload-time = "2025-08-01T11:10:48.985Z" },
    { url = "https://files.pythonhosted.org/packages/2b/f5/487434b1792c4f28c63876e4a896f2b6e953e2dc1f0b3940e912bd087755/nodejs_wheel_binaries-22.18.0-py2.py3-none-win_amd64.whl", hash = "sha256:0f55e72733f1df2f542dce07f35145ac2e125408b5e2051cac08e5320e41b4d1", size = 39998139, upload-time = "2025-08-01T11:10:52.676Z" },
]

[[package]]
name = "packaging"
version = "25.0"
source = { registry = "https://pypi.org/simple" }
sdist = { url = "https://files.pythonhosted.org/packages/a1/d4/1fc4078c65507b51b96ca8f8c3ba19e6a61c8253c72794544580a7b6c24d/packaging-25.0.tar.gz", hash = "sha256:d443872c98d677bf60f6a1f2f8c1cb748e8fe762d2bf9d3148b5599295b0fc4f", size = 165727, upload-time = "2025-04-19T11:48:59.673Z" }
wheels = [
    { url = "https://files.pythonhosted.org/packages/20/12/38679034af332785aac8774540895e234f4d07f7545804097de4b666afd8/packaging-25.0-py3-none-any.whl", hash = "sha256:29572ef2b1f17581046b3a2227d5c611fb25ec70ca1ba8554b24b0e69331a484", size = 66469, upload-time = "2025-04-19T11:48:57.875Z" },
]

[[package]]
name = "pebble"
version = "5.1.3"
source = { registry = "https://pypi.org/simple" }
sdist = { url = "https://files.pythonhosted.org/packages/af/aa/730e2b815fed3680629bb9c6c84c3480952fb9067939b7549c789b77a6bc/pebble-5.1.3.tar.gz", hash = "sha256:9fdf00dde4abb09907817114ad8cf822836b6d6cc8f43a3f0ec741be276086e7", size = 39027, upload-time = "2025-07-30T21:16:34.87Z" }
wheels = [
    { url = "https://files.pythonhosted.org/packages/42/42/218f3d1490af0c5f781f1e54fc1e4a2ca163643807d57890d2a246bd626d/Pebble-5.1.3-py3-none-any.whl", hash = "sha256:8b28b1ede25de4b0d9249516d5fd794c330f8f03b692debe374619317ed0bdd7", size = 36868, upload-time = "2025-07-30T21:16:33.133Z" },
]

[[package]]
name = "platformdirs"
version = "4.4.0"
source = { registry = "https://pypi.org/simple" }
sdist = { url = "https://files.pythonhosted.org/packages/23/e8/21db9c9987b0e728855bd57bff6984f67952bea55d6f75e055c46b5383e8/platformdirs-4.4.0.tar.gz", hash = "sha256:ca753cf4d81dc309bc67b0ea38fd15dc97bc30ce419a7f58d13eb3bf14c4febf", size = 21634, upload-time = "2025-08-26T14:32:04.268Z" }
wheels = [
    { url = "https://files.pythonhosted.org/packages/40/4b/2028861e724d3bd36227adfa20d3fd24c3fc6d52032f4a93c133be5d17ce/platformdirs-4.4.0-py3-none-any.whl", hash = "sha256:abd01743f24e5287cd7a5db3752faf1a2d65353f38ec26d98e25a6db65958c85", size = 18654, upload-time = "2025-08-26T14:32:02.735Z" },
]

[[package]]
name = "pluggy"
version = "1.6.0"
source = { registry = "https://pypi.org/simple" }
sdist = { url = "https://files.pythonhosted.org/packages/f9/e2/3e91f31a7d2b083fe6ef3fa267035b518369d9511ffab804f839851d2779/pluggy-1.6.0.tar.gz", hash = "sha256:7dcc130b76258d33b90f61b658791dede3486c3e6bfb003ee5c9bfb396dd22f3", size = 69412, upload-time = "2025-05-15T12:30:07.975Z" }
wheels = [
    { url = "https://files.pythonhosted.org/packages/54/20/4d324d65cc6d9205fabedc306948156824eb9f0ee1633355a8f7ec5c66bf/pluggy-1.6.0-py3-none-any.whl", hash = "sha256:e920276dd6813095e9377c0bc5566d94c932c33b27a3e3945d8389c374dd4746", size = 20538, upload-time = "2025-05-15T12:30:06.134Z" },
]

[[package]]
name = "pre-commit"
version = "4.3.0"
source = { registry = "https://pypi.org/simple" }
dependencies = [
    { name = "cfgv" },
    { name = "identify" },
    { name = "nodeenv" },
    { name = "pyyaml" },
    { name = "virtualenv" },
]
sdist = { url = "https://files.pythonhosted.org/packages/ff/29/7cf5bbc236333876e4b41f56e06857a87937ce4bf91e117a6991a2dbb02a/pre_commit-4.3.0.tar.gz", hash = "sha256:499fe450cc9d42e9d58e606262795ecb64dd05438943c62b66f6a8673da30b16", size = 193792, upload-time = "2025-08-09T18:56:14.651Z" }
wheels = [
    { url = "https://files.pythonhosted.org/packages/5b/a5/987a405322d78a73b66e39e4a90e4ef156fd7141bf71df987e50717c321b/pre_commit-4.3.0-py2.py3-none-any.whl", hash = "sha256:2b0747ad7e6e967169136edffee14c16e148a778a54e4f967921aa1ebf2308d8", size = 220965, upload-time = "2025-08-09T18:56:13.192Z" },
]

[[package]]
name = "prek"
version = "0.1.4"
source = { registry = "https://pypi.org/simple" }
sdist = { url = "https://files.pythonhosted.org/packages/ae/59/853fa5dcdf4a60dcb81bb7815e4a2c0732563775601087bdbf0f2c975653/prek-0.1.4.tar.gz", hash = "sha256:5d97b43afba3c8513ac349196d578a65dc3fee9420695714a395ab220e13f515", size = 191229, upload-time = "2025-08-26T16:27:07.282Z" }
wheels = [
    { url = "https://files.pythonhosted.org/packages/83/55/3fb04b46052079c37b28c0eb47f1efede14680f44f61ec548dfe85470709/prek-0.1.4-py3-none-linux_armv6l.whl", hash = "sha256:e3f780061b411cafa38291f09ed1ae59c7c049f73c80fb2475a55212d917a879", size = 5739841, upload-time = "2025-08-26T16:26:34.793Z" },
    { url = "https://files.pythonhosted.org/packages/e0/cd/454bedcdebfc6b8ba346eeaa199f288335a78029a3da28981fbb0f33c900/prek-0.1.4-py3-none-macosx_10_12_x86_64.whl", hash = "sha256:cd35b7ce0571172dbf0e6b8046e28a892797e5605610c8daee6a34f882f4dae1", size = 5708220, upload-time = "2025-08-26T16:26:37.571Z" },
    { url = "https://files.pythonhosted.org/packages/8c/1f/c997700b247604f19d1738435196cff5615db7172b11e207c13f6f6b4939/prek-0.1.4-py3-none-macosx_11_0_arm64.whl", hash = "sha256:af66aea634b3f937ebfd5dc908879bb385eb5c3d7a01ebd64c718e3fb1a41bd8", size = 5499663, upload-time = "2025-08-26T16:26:39.255Z" },
    { url = "https://files.pythonhosted.org/packages/67/0d/18172fb238358065a9e7ec502f01e5d8b2b3d0cf05c85df2d2a6d0b46a60/prek-0.1.4-py3-none-manylinux_2_17_aarch64.manylinux2014_aarch64.musllinux_1_1_aarch64.whl", hash = "sha256:948517dae92d06c94c895b44e08a0bf623907c1c87faafa47d18f9548d2e189b", size = 5905176, upload-time = "2025-08-26T16:26:40.917Z" },
    { url = "https://files.pythonhosted.org/packages/89/8d/4b32bb2a0dcd9d5aa88833bb89725c91150f050f73654b682fe40b5cf006/prek-0.1.4-py3-none-manylinux_2_17_armv7l.manylinux2014_armv7l.whl", hash = "sha256:9f510926a8252e9eaff20445ef4b261ad5e75a1b80bd0804e1d3135d93b5c5f6", size = 5649955, upload-time = "2025-08-26T16:26:42.926Z" },
    { url = "https://files.pythonhosted.org/packages/54/88/f7f148c1f2ba3f8a653910ef397fde474eb731a5ccb1b0951f00945905f1/prek-0.1.4-py3-none-manylinux_2_17_i686.manylinux2014_i686.whl", hash = "sha256:90b323bdee83eac3ef84411b5b039663a9f0e015c95d3a87b5e46e1fbb8be954", size = 6299615, upload-time = "2025-08-26T16:26:44.443Z" },
    { url = "https://files.pythonhosted.org/packages/41/67/f14d0f38432fc354cc5f7a3c9dcc44d4c26c1eaf60b5d56a02e36a2dbe1f/prek-0.1.4-py3-none-manylinux_2_17_ppc64.manylinux2014_ppc64.whl", hash = "sha256:4b37309b759c3ad4078db59f56f422f838e1be4fbb19139c546e3260281b133b", size = 6942078, upload-time = "2025-08-26T16:26:46.394Z" },
    { url = "https://files.pythonhosted.org/packages/c7/9e/e7d937ee29e2c0b764e9f7875b7e436473308d7203b4b124682dab831d1d/prek-0.1.4-py3-none-manylinux_2_17_ppc64le.manylinux2014_ppc64le.whl", hash = "sha256:766f2b079b0e226d7c1cc0f6a69b571418cb6d69a33c07d3c8553aad60f35814", size = 6697758, upload-time = "2025-08-26T16:26:48.107Z" },
    { url = "https://files.pythonhosted.org/packages/de/4f/4cec77bbc8055b6ce19ecbdc6c976b5d21651b506defc3f5c65918cbe1db/prek-0.1.4-py3-none-manylinux_2_17_s390x.manylinux2014_s390x.whl", hash = "sha256:3a84cc80371eef9df4be110a273d22973bb0af9cfc7861ca54eda2a7b3bcfcc4", size = 6148057, upload-time = "2025-08-26T16:26:50.221Z" },
    { url = "https://files.pythonhosted.org/packages/04/56/65e074837171b62be12739144b621d1ea37cc7b7e46f25ee533b8988bfa4/prek-0.1.4-py3-none-manylinux_2_17_x86_64.manylinux2014_x86_64.whl", hash = "sha256:a5ccc166fb627e5d2cbbc2f212dc0b539657fed82b30ef0af8d004cfdd5a8a4a", size = 6100017, upload-time = "2025-08-26T16:26:51.996Z" },
    { url = "https://files.pythonhosted.org/packages/a9/93/f0605dee5f9649a9665e28f2764104b7649282b1d30c4b71f8effd5d3438/prek-0.1.4-py3-none-manylinux_2_28_aarch64.whl", hash = "sha256:055e8e56560692cf16ea2c4582982a3eef3e039da8dcb216b72d3f39d198429f", size = 5948839, upload-time = "2025-08-26T16:26:53.658Z" },
    { url = "https://files.pythonhosted.org/packages/1c/7c/55a9aac8517737f89e0356b1a4fa259e7b157c3baa8545ad69408280f1de/prek-0.1.4-py3-none-manylinux_2_31_riscv64.whl", hash = "sha256:0aedfee7dd52954939525e3d16ec64f1ccca430154ad43485c4d284291c4513c", size = 6000282, upload-time = "2025-08-26T16:26:55.035Z" },
    { url = "https://files.pythonhosted.org/packages/fd/0f/2df8bb7fc08b28e83e79fd2bacc9d06a26bc5d24545f83ba763cdc6e2e34/prek-0.1.4-py3-none-musllinux_1_1_armv7l.whl", hash = "sha256:3543539c32057891b726115f0c5fd56ea3d4bb0828b8cd9b72751679c08570cb", size = 5661161, upload-time = "2025-08-26T16:26:56.882Z" },
    { url = "https://files.pythonhosted.org/packages/5c/8e/3b39f1a26e34851843c13e024022a5dc485e62d85791e78f43f66d0aa97d/prek-0.1.4-py3-none-musllinux_1_1_i686.whl", hash = "sha256:d5e1edcbe3e4d7b939a7d8738a06522d490faa45855128e9037e0211c704a52c", size = 6003689, upload-time = "2025-08-26T16:26:58.608Z" },
    { url = "https://files.pythonhosted.org/packages/05/c1/da80823d3ed83955ae0dd1c40cd023bf0d6cbe41118a1c2f0bc7bc8d4998/prek-0.1.4-py3-none-musllinux_1_1_x86_64.whl", hash = "sha256:1c9e3117bf4504b78c141386c05bc99818997829d039328079de5c20dfcf561e", size = 6182889, upload-time = "2025-08-26T16:27:00.28Z" },
    { url = "https://files.pythonhosted.org/packages/72/08/c4d770b92ca9e1c21fb3c961d2743a9b5290804f38131fa600c88be323db/prek-0.1.4-py3-none-win32.whl", hash = "sha256:10cbfee37944d020938e1fde8ac5d006061a0e9c0a7bdfad9acebd84fef525a9", size = 4421272, upload-time = "2025-08-26T16:27:01.749Z" },
    { url = "https://files.pythonhosted.org/packages/24/ce/358a038f9da24cd5e527449dbff43748292aabda64377f88e29c7699bc44/prek-0.1.4-py3-none-win_amd64.whl", hash = "sha256:920906ba3d8042df39eec9e4a06df61adb847f924fd8f1a184ab4361da8738d3", size = 4952726, upload-time = "2025-08-26T16:27:03.034Z" },
    { url = "https://files.pythonhosted.org/packages/3a/99/dcac11bd0ba51a1a8b3a7de8880c709b896a2aa333e9881ee4130ec302cb/prek-0.1.4-py3-none-win_arm64.whl", hash = "sha256:a62f3595642e8de016245ca092c53c93021e7a8af237de807349b8b6e11c540d", size = 4697465, upload-time = "2025-08-26T16:27:04.828Z" },
]

[[package]]
name = "pygments"
version = "2.19.2"
source = { registry = "https://pypi.org/simple" }
sdist = { url = "https://files.pythonhosted.org/packages/b0/77/a5b8c569bf593b0140bde72ea885a803b82086995367bf2037de0159d924/pygments-2.19.2.tar.gz", hash = "sha256:636cb2477cec7f8952536970bc533bc43743542f70392ae026374600add5b887", size = 4968631, upload-time = "2025-06-21T13:39:12.283Z" }
wheels = [
    { url = "https://files.pythonhosted.org/packages/c7/21/705964c7812476f378728bdf590ca4b771ec72385c533964653c68e86bdc/pygments-2.19.2-py3-none-any.whl", hash = "sha256:86540386c03d588bb81d44bc3928634ff26449851e99741617ecb9037ee5ec0b", size = 1225217, upload-time = "2025-06-21T13:39:07.939Z" },
]

[[package]]
name = "pytest"
version = "8.4.1"
source = { registry = "https://pypi.org/simple" }
dependencies = [
    { name = "colorama", marker = "sys_platform == 'win32'" },
    { name = "iniconfig" },
    { name = "packaging" },
    { name = "pluggy" },
    { name = "pygments" },
]
sdist = { url = "https://files.pythonhosted.org/packages/08/ba/45911d754e8eba3d5a841a5ce61a65a685ff1798421ac054f85aa8747dfb/pytest-8.4.1.tar.gz", hash = "sha256:7c67fd69174877359ed9371ec3af8a3d2b04741818c51e5e99cc1742251fa93c", size = 1517714, upload-time = "2025-06-18T05:48:06.109Z" }
wheels = [
    { url = "https://files.pythonhosted.org/packages/29/16/c8a903f4c4dffe7a12843191437d7cd8e32751d5de349d45d3fe69544e87/pytest-8.4.1-py3-none-any.whl", hash = "sha256:539c70ba6fcead8e78eebbf1115e8b589e7565830d7d006a8723f19ac8a0afb7", size = 365474, upload-time = "2025-06-18T05:48:03.955Z" },
]

[[package]]
name = "pytest-github-actions-annotate-failures"
version = "0.3.0"
source = { registry = "https://pypi.org/simple" }
dependencies = [
    { name = "pytest" },
]
sdist = { url = "https://files.pythonhosted.org/packages/39/d4/c54ee6a871eee4a7468e3a8c0dead28e634c0bc2110c694309dcb7563a66/pytest_github_actions_annotate_failures-0.3.0.tar.gz", hash = "sha256:d4c3177c98046c3900a7f8ddebb22ea54b9f6822201b5d3ab8fcdea51e010db7", size = 11248, upload-time = "2025-01-17T22:39:32.722Z" }
wheels = [
    { url = "https://files.pythonhosted.org/packages/6d/73/7b0b15cb8605ee967b34aa1d949737ab664f94e6b0f1534e8339d9e64ab2/pytest_github_actions_annotate_failures-0.3.0-py3-none-any.whl", hash = "sha256:41ea558ba10c332c0bfc053daeee0c85187507b2034e990f21e4f7e5fef044cf", size = 6030, upload-time = "2025-01-17T22:39:31.701Z" },
]

[[package]]
name = "pytest-mock"
version = "3.14.1"
source = { registry = "https://pypi.org/simple" }
dependencies = [
    { name = "pytest" },
]
sdist = { url = "https://files.pythonhosted.org/packages/71/28/67172c96ba684058a4d24ffe144d64783d2a270d0af0d9e792737bddc75c/pytest_mock-3.14.1.tar.gz", hash = "sha256:159e9edac4c451ce77a5cdb9fc5d1100708d2dd4ba3c3df572f14097351af80e", size = 33241, upload-time = "2025-05-26T13:58:45.167Z" }
wheels = [
    { url = "https://files.pythonhosted.org/packages/b2/05/77b60e520511c53d1c1ca75f1930c7dd8e971d0c4379b7f4b3f9644685ba/pytest_mock-3.14.1-py3-none-any.whl", hash = "sha256:178aefcd11307d874b4cd3100344e7e2d888d9791a6a1d9bfe90fbc1b74fd1d0", size = 9923, upload-time = "2025-05-26T13:58:43.487Z" },
]

[[package]]
name = "pyyaml"
version = "6.0.2"
source = { registry = "https://pypi.org/simple" }
sdist = { url = "https://files.pythonhosted.org/packages/54/ed/79a089b6be93607fa5cdaedf301d7dfb23af5f25c398d5ead2525b063e17/pyyaml-6.0.2.tar.gz", hash = "sha256:d584d9ec91ad65861cc08d42e834324ef890a082e591037abe114850ff7bbc3e", size = 130631, upload-time = "2024-08-06T20:33:50.674Z" }
wheels = [
    { url = "https://files.pythonhosted.org/packages/ef/e3/3af305b830494fa85d95f6d95ef7fa73f2ee1cc8ef5b495c7c3269fb835f/PyYAML-6.0.2-cp313-cp313-macosx_10_13_x86_64.whl", hash = "sha256:efdca5630322a10774e8e98e1af481aad470dd62c3170801852d752aa7a783ba", size = 181309, upload-time = "2024-08-06T20:32:43.4Z" },
    { url = "https://files.pythonhosted.org/packages/45/9f/3b1c20a0b7a3200524eb0076cc027a970d320bd3a6592873c85c92a08731/PyYAML-6.0.2-cp313-cp313-macosx_11_0_arm64.whl", hash = "sha256:50187695423ffe49e2deacb8cd10510bc361faac997de9efef88badc3bb9e2d1", size = 171679, upload-time = "2024-08-06T20:32:44.801Z" },
    { url = "https://files.pythonhosted.org/packages/7c/9a/337322f27005c33bcb656c655fa78325b730324c78620e8328ae28b64d0c/PyYAML-6.0.2-cp313-cp313-manylinux_2_17_aarch64.manylinux2014_aarch64.whl", hash = "sha256:0ffe8360bab4910ef1b9e87fb812d8bc0a308b0d0eef8c8f44e0254ab3b07133", size = 733428, upload-time = "2024-08-06T20:32:46.432Z" },
    { url = "https://files.pythonhosted.org/packages/a3/69/864fbe19e6c18ea3cc196cbe5d392175b4cf3d5d0ac1403ec3f2d237ebb5/PyYAML-6.0.2-cp313-cp313-manylinux_2_17_s390x.manylinux2014_s390x.whl", hash = "sha256:17e311b6c678207928d649faa7cb0d7b4c26a0ba73d41e99c4fff6b6c3276484", size = 763361, upload-time = "2024-08-06T20:32:51.188Z" },
    { url = "https://files.pythonhosted.org/packages/04/24/b7721e4845c2f162d26f50521b825fb061bc0a5afcf9a386840f23ea19fa/PyYAML-6.0.2-cp313-cp313-manylinux_2_17_x86_64.manylinux2014_x86_64.whl", hash = "sha256:70b189594dbe54f75ab3a1acec5f1e3faa7e8cf2f1e08d9b561cb41b845f69d5", size = 759523, upload-time = "2024-08-06T20:32:53.019Z" },
    { url = "https://files.pythonhosted.org/packages/2b/b2/e3234f59ba06559c6ff63c4e10baea10e5e7df868092bf9ab40e5b9c56b6/PyYAML-6.0.2-cp313-cp313-musllinux_1_1_aarch64.whl", hash = "sha256:41e4e3953a79407c794916fa277a82531dd93aad34e29c2a514c2c0c5fe971cc", size = 726660, upload-time = "2024-08-06T20:32:54.708Z" },
    { url = "https://files.pythonhosted.org/packages/fe/0f/25911a9f080464c59fab9027482f822b86bf0608957a5fcc6eaac85aa515/PyYAML-6.0.2-cp313-cp313-musllinux_1_1_x86_64.whl", hash = "sha256:68ccc6023a3400877818152ad9a1033e3db8625d899c72eacb5a668902e4d652", size = 751597, upload-time = "2024-08-06T20:32:56.985Z" },
    { url = "https://files.pythonhosted.org/packages/14/0d/e2c3b43bbce3cf6bd97c840b46088a3031085179e596d4929729d8d68270/PyYAML-6.0.2-cp313-cp313-win32.whl", hash = "sha256:bc2fa7c6b47d6bc618dd7fb02ef6fdedb1090ec036abab80d4681424b84c1183", size = 140527, upload-time = "2024-08-06T20:33:03.001Z" },
    { url = "https://files.pythonhosted.org/packages/fa/de/02b54f42487e3d3c6efb3f89428677074ca7bf43aae402517bc7cca949f3/PyYAML-6.0.2-cp313-cp313-win_amd64.whl", hash = "sha256:8388ee1976c416731879ac16da0aff3f63b286ffdd57cdeb95f3f2e085687563", size = 156446, upload-time = "2024-08-06T20:33:04.33Z" },
]

[[package]]
name = "reorder-python-imports"
version = "3.15.0"
source = { registry = "https://pypi.org/simple" }
dependencies = [
    { name = "classify-imports" },
]
sdist = { url = "https://files.pythonhosted.org/packages/74/37/3bbc2ca9e90dcc4d22b210cc1cb9f8871696d62641f539b9ed043999118b/reorder_python_imports-3.15.0.tar.gz", hash = "sha256:c9a5d6027213a0b76ba42f13d16224de98cfe100b9f959e617c5a1576360fb90", size = 11500, upload-time = "2025-05-23T18:46:41.517Z" }
wheels = [
    { url = "https://files.pythonhosted.org/packages/0c/85/881cf13d3a91bb2aed45aaedb5f0d2a80688f79353d5c8a7008d121b5f34/reorder_python_imports-3.15.0-py2.py3-none-any.whl", hash = "sha256:a0ab5c9824b0116a2a9197f10d09829942ab52a4db233a2544cd10a7647c2e37", size = 11817, upload-time = "2025-05-23T18:46:40.216Z" },
]

[[package]]
name = "ruff"
version = "0.12.10"
source = { registry = "https://pypi.org/simple" }
sdist = { url = "https://files.pythonhosted.org/packages/3b/eb/8c073deb376e46ae767f4961390d17545e8535921d2f65101720ed8bd434/ruff-0.12.10.tar.gz", hash = "sha256:189ab65149d11ea69a2d775343adf5f49bb2426fc4780f65ee33b423ad2e47f9", size = 5310076, upload-time = "2025-08-21T18:23:22.595Z" }
wheels = [
    { url = "https://files.pythonhosted.org/packages/24/e7/560d049d15585d6c201f9eeacd2fd130def3741323e5ccf123786e0e3c95/ruff-0.12.10-py3-none-linux_armv6l.whl", hash = "sha256:8b593cb0fb55cc8692dac7b06deb29afda78c721c7ccfed22db941201b7b8f7b", size = 11935161, upload-time = "2025-08-21T18:22:26.965Z" },
    { url = "https://files.pythonhosted.org/packages/d1/b0/ad2464922a1113c365d12b8f80ed70fcfb39764288ac77c995156080488d/ruff-0.12.10-py3-none-macosx_10_12_x86_64.whl", hash = "sha256:ebb7333a45d56efc7c110a46a69a1b32365d5c5161e7244aaf3aa20ce62399c1", size = 12660884, upload-time = "2025-08-21T18:22:30.925Z" },
    { url = "https://files.pythonhosted.org/packages/d7/f1/97f509b4108d7bae16c48389f54f005b62ce86712120fd8b2d8e88a7cb49/ruff-0.12.10-py3-none-macosx_11_0_arm64.whl", hash = "sha256:d59e58586829f8e4a9920788f6efba97a13d1fa320b047814e8afede381c6839", size = 11872754, upload-time = "2025-08-21T18:22:34.035Z" },
    { url = "https://files.pythonhosted.org/packages/12/ad/44f606d243f744a75adc432275217296095101f83f966842063d78eee2d3/ruff-0.12.10-py3-none-manylinux_2_17_aarch64.manylinux2014_aarch64.whl", hash = "sha256:822d9677b560f1fdeab69b89d1f444bf5459da4aa04e06e766cf0121771ab844", size = 12092276, upload-time = "2025-08-21T18:22:36.764Z" },
    { url = "https://files.pythonhosted.org/packages/06/1f/ed6c265e199568010197909b25c896d66e4ef2c5e1c3808caf461f6f3579/ruff-0.12.10-py3-none-manylinux_2_17_armv7l.manylinux2014_armv7l.whl", hash = "sha256:37b4a64f4062a50c75019c61c7017ff598cb444984b638511f48539d3a1c98db", size = 11734700, upload-time = "2025-08-21T18:22:39.822Z" },
    { url = "https://files.pythonhosted.org/packages/63/c5/b21cde720f54a1d1db71538c0bc9b73dee4b563a7dd7d2e404914904d7f5/ruff-0.12.10-py3-none-manylinux_2_17_i686.manylinux2014_i686.whl", hash = "sha256:2c6f4064c69d2542029b2a61d39920c85240c39837599d7f2e32e80d36401d6e", size = 13468783, upload-time = "2025-08-21T18:22:42.559Z" },
    { url = "https://files.pythonhosted.org/packages/02/9e/39369e6ac7f2a1848f22fb0b00b690492f20811a1ac5c1fd1d2798329263/ruff-0.12.10-py3-none-manylinux_2_17_ppc64.manylinux2014_ppc64.whl", hash = "sha256:059e863ea3a9ade41407ad71c1de2badfbe01539117f38f763ba42a1206f7559", size = 14436642, upload-time = "2025-08-21T18:22:45.612Z" },
    { url = "https://files.pythonhosted.org/packages/e3/03/5da8cad4b0d5242a936eb203b58318016db44f5c5d351b07e3f5e211bb89/ruff-0.12.10-py3-none-manylinux_2_17_ppc64le.manylinux2014_ppc64le.whl", hash = "sha256:1bef6161e297c68908b7218fa6e0e93e99a286e5ed9653d4be71e687dff101cf", size = 13859107, upload-time = "2025-08-21T18:22:48.886Z" },
    { url = "https://files.pythonhosted.org/packages/19/19/dd7273b69bf7f93a070c9cec9494a94048325ad18fdcf50114f07e6bf417/ruff-0.12.10-py3-none-manylinux_2_17_s390x.manylinux2014_s390x.whl", hash = "sha256:4f1345fbf8fb0531cd722285b5f15af49b2932742fc96b633e883da8d841896b", size = 12886521, upload-time = "2025-08-21T18:22:51.567Z" },
    { url = "https://files.pythonhosted.org/packages/c0/1d/b4207ec35e7babaee62c462769e77457e26eb853fbdc877af29417033333/ruff-0.12.10-py3-none-manylinux_2_17_x86_64.manylinux2014_x86_64.whl", hash = "sha256:1f68433c4fbc63efbfa3ba5db31727db229fa4e61000f452c540474b03de52a9", size = 13097528, upload-time = "2025-08-21T18:22:54.609Z" },
    { url = "https://files.pythonhosted.org/packages/ff/00/58f7b873b21114456e880b75176af3490d7a2836033779ca42f50de3b47a/ruff-0.12.10-py3-none-manylinux_2_31_riscv64.whl", hash = "sha256:141ce3d88803c625257b8a6debf4a0473eb6eed9643a6189b68838b43e78165a", size = 13080443, upload-time = "2025-08-21T18:22:57.413Z" },
    { url = "https://files.pythonhosted.org/packages/12/8c/9e6660007fb10189ccb78a02b41691288038e51e4788bf49b0a60f740604/ruff-0.12.10-py3-none-musllinux_1_2_aarch64.whl", hash = "sha256:f3fc21178cd44c98142ae7590f42ddcb587b8e09a3b849cbc84edb62ee95de60", size = 11896759, upload-time = "2025-08-21T18:23:00.473Z" },
    { url = "https://files.pythonhosted.org/packages/67/4c/6d092bb99ea9ea6ebda817a0e7ad886f42a58b4501a7e27cd97371d0ba54/ruff-0.12.10-py3-none-musllinux_1_2_armv7l.whl", hash = "sha256:7d1a4e0bdfafcd2e3e235ecf50bf0176f74dd37902f241588ae1f6c827a36c56", size = 11701463, upload-time = "2025-08-21T18:23:03.211Z" },
    { url = "https://files.pythonhosted.org/packages/59/80/d982c55e91df981f3ab62559371380616c57ffd0172d96850280c2b04fa8/ruff-0.12.10-py3-none-musllinux_1_2_i686.whl", hash = "sha256:e67d96827854f50b9e3e8327b031647e7bcc090dbe7bb11101a81a3a2cbf1cc9", size = 12691603, upload-time = "2025-08-21T18:23:06.935Z" },
    { url = "https://files.pythonhosted.org/packages/ad/37/63a9c788bbe0b0850611669ec6b8589838faf2f4f959647f2d3e320383ae/ruff-0.12.10-py3-none-musllinux_1_2_x86_64.whl", hash = "sha256:ae479e1a18b439c59138f066ae79cc0f3ee250712a873d00dbafadaad9481e5b", size = 13164356, upload-time = "2025-08-21T18:23:10.225Z" },
    { url = "https://files.pythonhosted.org/packages/47/d4/1aaa7fb201a74181989970ebccd12f88c0fc074777027e2a21de5a90657e/ruff-0.12.10-py3-none-win32.whl", hash = "sha256:9de785e95dc2f09846c5e6e1d3a3d32ecd0b283a979898ad427a9be7be22b266", size = 11896089, upload-time = "2025-08-21T18:23:14.232Z" },
    { url = "https://files.pythonhosted.org/packages/ad/14/2ad38fd4037daab9e023456a4a40ed0154e9971f8d6aed41bdea390aabd9/ruff-0.12.10-py3-none-win_amd64.whl", hash = "sha256:7837eca8787f076f67aba2ca559cefd9c5cbc3a9852fd66186f4201b87c1563e", size = 13004616, upload-time = "2025-08-21T18:23:17.422Z" },
    { url = "https://files.pythonhosted.org/packages/24/3c/21cf283d67af33a8e6ed242396863af195a8a6134ec581524fd22b9811b6/ruff-0.12.10-py3-none-win_arm64.whl", hash = "sha256:cc138cc06ed9d4bfa9d667a65af7172b47840e1a98b02ce7011c391e54635ffc", size = 12074225, upload-time = "2025-08-21T18:23:20.137Z" },
]

[[package]]
name = "soupsieve"
version = "2.8"
source = { registry = "https://pypi.org/simple" }
sdist = { url = "https://files.pythonhosted.org/packages/6d/e6/21ccce3262dd4889aa3332e5a119a3491a95e8f60939870a3a035aabac0d/soupsieve-2.8.tar.gz", hash = "sha256:e2dd4a40a628cb5f28f6d4b0db8800b8f581b65bb380b97de22ba5ca8d72572f", size = 103472, upload-time = "2025-08-27T15:39:51.78Z" }
wheels = [
    { url = "https://files.pythonhosted.org/packages/14/a0/bb38d3b76b8cae341dad93a2dd83ab7462e6dbcdd84d43f54ee60a8dc167/soupsieve-2.8-py3-none-any.whl", hash = "sha256:0cc76456a30e20f5d7f2e14a98a4ae2ee4e5abdc7c5ea0aafe795f344bc7984c", size = 36679, upload-time = "2025-08-27T15:39:50.179Z" },
]

[[package]]
name = "typing-extensions"
version = "4.15.0"
source = { registry = "https://pypi.org/simple" }
sdist = { url = "https://files.pythonhosted.org/packages/72/94/1a15dd82efb362ac84269196e94cf00f187f7ed21c242792a923cdb1c61f/typing_extensions-4.15.0.tar.gz", hash = "sha256:0cea48d173cc12fa28ecabc3b837ea3cf6f38c6d1136f85cbaaf598984861466", size = 109391, upload-time = "2025-08-25T13:49:26.313Z" }
wheels = [
    { url = "https://files.pythonhosted.org/packages/18/67/36e9267722cc04a6b9f15c7f3441c2363321a3ea07da7ae0c0707beb2a9c/typing_extensions-4.15.0-py3-none-any.whl", hash = "sha256:f0fa19c6845758ab08074a0cfa8b7aecb71c999ca73d62883bc25cc018c4e548", size = 44614, upload-time = "2025-08-25T13:49:24.86Z" },
]

[[package]]
name = "tzdata"
version = "2025.2"
source = { registry = "https://pypi.org/simple" }
sdist = { url = "https://files.pythonhosted.org/packages/95/32/1a225d6164441be760d75c2c42e2780dc0873fe382da3e98a2e1e48361e5/tzdata-2025.2.tar.gz", hash = "sha256:b60a638fcc0daffadf82fe0f57e53d06bdec2f36c4df66280ae79bce6bd6f2b9", size = 196380, upload-time = "2025-03-23T13:54:43.652Z" }
wheels = [
    { url = "https://files.pythonhosted.org/packages/5c/23/c7abc0ca0a1526a0774eca151daeb8de62ec457e77262b66b359c3c7679e/tzdata-2025.2-py2.py3-none-any.whl", hash = "sha256:1a403fada01ff9221ca8044d701868fa132215d84beb92242d9acd2147f667a8", size = 347839, upload-time = "2025-03-23T13:54:41.845Z" },
]

[[package]]
name = "urllib3"
version = "2.5.0"
source = { registry = "https://pypi.org/simple" }
sdist = { url = "https://files.pythonhosted.org/packages/15/22/9ee70a2574a4f4599c47dd506532914ce044817c7752a79b6a51286319bc/urllib3-2.5.0.tar.gz", hash = "sha256:3fc47733c7e419d4bc3f6b3dc2b4f890bb743906a30d56ba4a5bfa4bbff92760", size = 393185, upload-time = "2025-06-18T14:07:41.644Z" }
wheels = [
    { url = "https://files.pythonhosted.org/packages/a7/c2/fe1e52489ae3122415c51f387e221dd0773709bad6c6cdaa599e8a2c5185/urllib3-2.5.0-py3-none-any.whl", hash = "sha256:e6b01673c0fa6a13e374b50871808eb3bf7046c4b125b216f6bf1cc604cff0dc", size = 129795, upload-time = "2025-06-18T14:07:40.39Z" },
]

[[package]]
name = "virtualenv"
version = "20.34.0"
source = { registry = "https://pypi.org/simple" }
dependencies = [
    { name = "distlib" },
    { name = "filelock" },
    { name = "platformdirs" },
]
sdist = { url = "https://files.pythonhosted.org/packages/1c/14/37fcdba2808a6c615681cd216fecae00413c9dab44fb2e57805ecf3eaee3/virtualenv-20.34.0.tar.gz", hash = "sha256:44815b2c9dee7ed86e387b842a84f20b93f7f417f95886ca1996a72a4138eb1a", size = 6003808, upload-time = "2025-08-13T14:24:07.464Z" }
wheels = [
    { url = "https://files.pythonhosted.org/packages/76/06/04c8e804f813cf972e3262f3f8584c232de64f0cde9f703b46cf53a45090/virtualenv-20.34.0-py3-none-any.whl", hash = "sha256:341f5afa7eee943e4984a9207c025feedd768baff6753cd660c857ceb3e36026", size = 5983279, upload-time = "2025-08-13T14:24:05.111Z" },
]
